// !$*UTF8*$!
{
	archiveVersion = 1;
	classes = {
	};
	objectVersion = 50;
	objects = {

/* Begin PBXBuildFile section */
		3F1A9C9623F086C600743D7B /* AppDelegate.swift in Sources */ = {isa = PBXBuildFile; fileRef = 3F1A9C9523F086C600743D7B /* AppDelegate.swift */; };
		3F1A9C9823F086C600743D7B /* SceneDelegate.swift in Sources */ = {isa = PBXBuildFile; fileRef = 3F1A9C9723F086C600743D7B /* SceneDelegate.swift */; };
		3F1A9C9A23F086C600743D7B /* ViewController.swift in Sources */ = {isa = PBXBuildFile; fileRef = 3F1A9C9923F086C600743D7B /* ViewController.swift */; };
		3F1A9C9D23F086C600743D7B /* Main.storyboard in Resources */ = {isa = PBXBuildFile; fileRef = 3F1A9C9B23F086C600743D7B /* Main.storyboard */; };
		3F1A9C9F23F086C600743D7B /* Assets.xcassets in Resources */ = {isa = PBXBuildFile; fileRef = 3F1A9C9E23F086C600743D7B /* Assets.xcassets */; };
		3F1A9CA223F086C600743D7B /* LaunchScreen.storyboard in Resources */ = {isa = PBXBuildFile; fileRef = 3F1A9CA023F086C600743D7B /* LaunchScreen.storyboard */; };
		3F1A9CAC23F086FA00743D7B /* RealmSwift.framework in Frameworks */ = {isa = PBXBuildFile; fileRef = 3F1A9CAA23F086FA00743D7B /* RealmSwift.framework */; };
		3F1A9CAD23F086FA00743D7B /* RealmSwift.framework in Embed Frameworks */ = {isa = PBXBuildFile; fileRef = 3F1A9CAA23F086FA00743D7B /* RealmSwift.framework */; settings = {ATTRIBUTES = (CodeSignOnCopy, RemoveHeadersOnCopy, ); }; };
		3F1A9CAE23F086FA00743D7B /* Realm.framework in Frameworks */ = {isa = PBXBuildFile; fileRef = 3F1A9CAB23F086FA00743D7B /* Realm.framework */; };
		3F1A9CAF23F086FA00743D7B /* Realm.framework in Embed Frameworks */ = {isa = PBXBuildFile; fileRef = 3F1A9CAB23F086FA00743D7B /* Realm.framework */; settings = {ATTRIBUTES = (CodeSignOnCopy, RemoveHeadersOnCopy, ); }; };
/* End PBXBuildFile section */

/* Begin PBXCopyFilesBuildPhase section */
		3F1A9CB023F086FA00743D7B /* Embed Frameworks */ = {
			isa = PBXCopyFilesBuildPhase;
			buildActionMask = 12;
			dstPath = "";
			dstSubfolderSpec = 10;
			files = (
				3F1A9CAF23F086FA00743D7B /* Realm.framework in Embed Frameworks */,
				3F1A9CAD23F086FA00743D7B /* RealmSwift.framework in Embed Frameworks */,
			);
			name = "Embed Frameworks";
			runOnlyForDeploymentPostprocessing = 0;
		};
/* End PBXCopyFilesBuildPhase section */

/* Begin PBXFileReference section */
		3F1A9C9223F086C600743D7B /* Realm_test.app */ = {isa = PBXFileReference; explicitFileType = wrapper.application; includeInIndex = 0; path = Realm_test.app; sourceTree = BUILT_PRODUCTS_DIR; };
		3F1A9C9523F086C600743D7B /* AppDelegate.swift */ = {isa = PBXFileReference; lastKnownFileType = sourcecode.swift; path = AppDelegate.swift; sourceTree = "<group>"; };
		3F1A9C9723F086C600743D7B /* SceneDelegate.swift */ = {isa = PBXFileReference; lastKnownFileType = sourcecode.swift; path = SceneDelegate.swift; sourceTree = "<group>"; };
		3F1A9C9923F086C600743D7B /* ViewController.swift */ = {isa = PBXFileReference; lastKnownFileType = sourcecode.swift; path = ViewController.swift; sourceTree = "<group>"; };
		3F1A9C9C23F086C600743D7B /* Base */ = {isa = PBXFileReference; lastKnownFileType = file.storyboard; name = Base; path = Base.lproj/Main.storyboard; sourceTree = "<group>"; };
		3F1A9C9E23F086C600743D7B /* Assets.xcassets */ = {isa = PBXFileReference; lastKnownFileType = folder.assetcatalog; path = Assets.xcassets; sourceTree = "<group>"; };
		3F1A9CA123F086C600743D7B /* Base */ = {isa = PBXFileReference; lastKnownFileType = file.storyboard; name = Base; path = Base.lproj/LaunchScreen.storyboard; sourceTree = "<group>"; };
		3F1A9CA323F086C600743D7B /* Info.plist */ = {isa = PBXFileReference; lastKnownFileType = text.plist.xml; path = Info.plist; sourceTree = "<group>"; };
		3F1A9CAA23F086FA00743D7B /* RealmSwift.framework */ = {isa = PBXFileReference; lastKnownFileType = wrapper.framework; name = RealmSwift.framework; path = "../../../../Downloads/realm-swift-4.3.2/ios/swift-11.3/RealmSwift.framework"; sourceTree = "<group>"; };
		3F1A9CAB23F086FA00743D7B /* Realm.framework */ = {isa = PBXFileReference; lastKnownFileType = wrapper.framework; name = Realm.framework; path = "../../../../Downloads/realm-swift-4.3.2/ios/swift-11.3/Realm.framework"; sourceTree = "<group>"; };
/* End PBXFileReference section */

/* Begin PBXFrameworksBuildPhase section */
		3F1A9C8F23F086C600743D7B /* Frameworks */ = {
			isa = PBXFrameworksBuildPhase;
			buildActionMask = 2147483647;
			files = (
				3F1A9CAE23F086FA00743D7B /* Realm.framework in Frameworks */,
				3F1A9CAC23F086FA00743D7B /* RealmSwift.framework in Frameworks */,
			);
			runOnlyForDeploymentPostprocessing = 0;
		};
/* End PBXFrameworksBuildPhase section */

/* Begin PBXGroup section */
		3F1A9C8923F086C600743D7B = {
			isa = PBXGroup;
			children = (
				3F1A9C9423F086C600743D7B /* Realm_test */,
				3F1A9C9323F086C600743D7B /* Products */,
				3F1A9CA923F086FA00743D7B /* Frameworks */,
			);
			sourceTree = "<group>";
		};
		3F1A9C9323F086C600743D7B /* Products */ = {
			isa = PBXGroup;
			children = (
				3F1A9C9223F086C600743D7B /* Realm_test.app */,
			);
			name = Products;
			sourceTree = "<group>";
		};
		3F1A9C9423F086C600743D7B /* Realm_test */ = {
			isa = PBXGroup;
			children = (
				3F1A9C9523F086C600743D7B /* AppDelegate.swift */,
				3F1A9C9723F086C600743D7B /* SceneDelegate.swift */,
				3F1A9C9923F086C600743D7B /* ViewController.swift */,
				3F1A9C9B23F086C600743D7B /* Main.storyboard */,
				3F1A9C9E23F086C600743D7B /* Assets.xcassets */,
				3F1A9CA023F086C600743D7B /* LaunchScreen.storyboard */,
				3F1A9CA323F086C600743D7B /* Info.plist */,
			);
			path = Realm_test;
			sourceTree = "<group>";
		};
		3F1A9CA923F086FA00743D7B /* Frameworks */ = {
			isa = PBXGroup;
			children = (
				3F1A9CAB23F086FA00743D7B /* Realm.framework */,
				3F1A9CAA23F086FA00743D7B /* RealmSwift.framework */,
			);
			name = Frameworks;
			sourceTree = "<group>";
		};
/* End PBXGroup section */

/* Begin PBXNativeTarget section */
		3F1A9C9123F086C600743D7B /* Realm_test */ = {
			isa = PBXNativeTarget;
			buildConfigurationList = 3F1A9CA623F086C600743D7B /* Build configuration list for PBXNativeTarget "Realm_test" */;
			buildPhases = (
				3F1A9C8E23F086C600743D7B /* Sources */,
				3F1A9C8F23F086C600743D7B /* Frameworks */,
				3F1A9C9023F086C600743D7B /* Resources */,
				3F1A9CB023F086FA00743D7B /* Embed Frameworks */,
				3F1A9CB123F0874400743D7B /* ShellScript */,
			);
			buildRules = (
			);
			dependencies = (
			);
			name = Realm_test;
			productName = Realm_test;
			productReference = 3F1A9C9223F086C600743D7B /* Realm_test.app */;
			productType = "com.apple.product-type.application";
		};
/* End PBXNativeTarget section */

/* Begin PBXProject section */
		3F1A9C8A23F086C600743D7B /* Project object */ = {
			isa = PBXProject;
			attributes = {
				LastSwiftUpdateCheck = 1130;
				LastUpgradeCheck = 1130;
				ORGANIZATIONNAME = "Dmitry Aksyonov";
				TargetAttributes = {
					3F1A9C9123F086C600743D7B = {
						CreatedOnToolsVersion = 11.3.1;
					};
				};
			};
			buildConfigurationList = 3F1A9C8D23F086C600743D7B /* Build configuration list for PBXProject "Realm_test" */;
			compatibilityVersion = "Xcode 9.3";
			developmentRegion = en;
			hasScannedForEncodings = 0;
			knownRegions = (
				en,
				Base,
			);
			mainGroup = 3F1A9C8923F086C600743D7B;
			productRefGroup = 3F1A9C9323F086C600743D7B /* Products */;
			projectDirPath = "";
			projectRoot = "";
			targets = (
				3F1A9C9123F086C600743D7B /* Realm_test */,
			);
		};
/* End PBXProject section */

/* Begin PBXResourcesBuildPhase section */
		3F1A9C9023F086C600743D7B /* Resources */ = {
			isa = PBXResourcesBuildPhase;
			buildActionMask = 2147483647;
			files = (
				3F1A9CA223F086C600743D7B /* LaunchScreen.storyboard in Resources */,
				3F1A9C9F23F086C600743D7B /* Assets.xcassets in Resources */,
				3F1A9C9D23F086C600743D7B /* Main.storyboard in Resources */,
			);
			runOnlyForDeploymentPostprocessing = 0;
		};
/* End PBXResourcesBuildPhase section */

/* Begin PBXShellScriptBuildPhase section */
		3F1A9CB123F0874400743D7B /* ShellScript */ = {
			isa = PBXShellScriptBuildPhase;
			buildActionMask = 2147483647;
			files = (
			);
			inputFileListPaths = (
			);
			inputPaths = (
				"/Users/dmitryaksyonov/Downloads/realm-swift-4.3.2/ios/swift-11.3/Realm.framework",
				"/Users/dmitryaksyonov/Downloads/realm-swift-4.3.2/ios/swift-11.3/RealmSwift.framework",
			);
			outputFileListPaths = (
			);
			outputPaths = (
			);
			runOnlyForDeploymentPostprocessing = 0;
			shellPath = /bin/sh;
			shellScript = "bash \"${BUILT_PRODUCTS_DIR}/${FRAMEWORKS_FOLDER_PATH}/Realm.framework/strip-frameworks.sh\"\n";
		};
/* End PBXShellScriptBuildPhase section */

/* Begin PBXSourcesBuildPhase section */
		3F1A9C8E23F086C600743D7B /* Sources */ = {
			isa = PBXSourcesBuildPhase;
			buildActionMask = 2147483647;
			files = (
				3F1A9C9A23F086C600743D7B /* ViewController.swift in Sources */,
				3F1A9C9623F086C600743D7B /* AppDelegate.swift in Sources */,
				3F1A9C9823F086C600743D7B /* SceneDelegate.swift in Sources */,
			);
			runOnlyForDeploymentPostprocessing = 0;
		};
/* End PBXSourcesBuildPhase section */

/* Begin PBXVariantGroup section */
		3F1A9C9B23F086C600743D7B /* Main.storyboard */ = {
			isa = PBXVariantGroup;
			children = (
				3F1A9C9C23F086C600743D7B /* Base */,
			);
			name = Main.storyboard;
			sourceTree = "<group>";
		};
		3F1A9CA023F086C600743D7B /* LaunchScreen.storyboard */ = {
			isa = PBXVariantGroup;
			children = (
				3F1A9CA123F086C600743D7B /* Base */,
			);
			name = LaunchScreen.storyboard;
			sourceTree = "<group>";
		};
/* End PBXVariantGroup section */

/* Begin XCBuildConfiguration section */
		3F1A9CA423F086C600743D7B /* Debug */ = {
			isa = XCBuildConfiguration;
			buildSettings = {
				ALWAYS_SEARCH_USER_PATHS = NO;
				CLANG_ANALYZER_NONNULL = YES;
				CLANG_ANALYZER_NUMBER_OBJECT_CONVERSION = YES_AGGRESSIVE;
				CLANG_CXX_LANGUAGE_STANDARD = "gnu++14";
				CLANG_CXX_LIBRARY = "libc++";
				CLANG_ENABLE_MODULES = YES;
				CLANG_ENABLE_OBJC_ARC = YES;
				CLANG_ENABLE_OBJC_WEAK = YES;
				CLANG_WARN_BLOCK_CAPTURE_AUTORELEASING = YES;
				CLANG_WARN_BOOL_CONVERSION = YES;
				CLANG_WARN_COMMA = YES;
				CLANG_WARN_CONSTANT_CONVERSION = YES;
				CLANG_WARN_DEPRECATED_OBJC_IMPLEMENTATIONS = YES;
				CLANG_WARN_DIRECT_OBJC_ISA_USAGE = YES_ERROR;
				CLANG_WARN_DOCUMENTATION_COMMENTS = YES;
				CLANG_WARN_EMPTY_BODY = YES;
				CLANG_WARN_ENUM_CONVERSION = YES;
				CLANG_WARN_INFINITE_RECURSION = YES;
				CLANG_WARN_INT_CONVERSION = YES;
				CLANG_WARN_NON_LITERAL_NULL_CONVERSION = YES;
				CLANG_WARN_OBJC_IMPLICIT_RETAIN_SELF = YES;
				CLANG_WARN_OBJC_LITERAL_CONVERSION = YES;
				CLANG_WARN_OBJC_ROOT_CLASS = YES_ERROR;
				CLANG_WARN_RANGE_LOOP_ANALYSIS = YES;
				CLANG_WARN_STRICT_PROTOTYPES = YES;
				CLANG_WARN_SUSPICIOUS_MOVE = YES;
				CLANG_WARN_UNGUARDED_AVAILABILITY = YES_AGGRESSIVE;
				CLANG_WARN_UNREACHABLE_CODE = YES;
				CLANG_WARN__DUPLICATE_METHOD_MATCH = YES;
				COPY_PHASE_STRIP = NO;
				DEBUG_INFORMATION_FORMAT = dwarf;
				ENABLE_STRICT_OBJC_MSGSEND = YES;
				ENABLE_TESTABILITY = YES;
				GCC_C_LANGUAGE_STANDARD = gnu11;
				GCC_DYNAMIC_NO_PIC = NO;
				GCC_NO_COMMON_BLOCKS = YES;
				GCC_OPTIMIZATION_LEVEL = 0;
				GCC_PREPROCESSOR_DEFINITIONS = (
					"DEBUG=1",
					"$(inherited)",
				);
				GCC_WARN_64_TO_32_BIT_CONVERSION = YES;
				GCC_WARN_ABOUT_RETURN_TYPE = YES_ERROR;
				GCC_WARN_UNDECLARED_SELECTOR = YES;
				GCC_WARN_UNINITIALIZED_AUTOS = YES_AGGRESSIVE;
				GCC_WARN_UNUSED_FUNCTION = YES;
				GCC_WARN_UNUSED_VARIABLE = YES;
				IPHONEOS_DEPLOYMENT_TARGET = 13.2;
				MTL_ENABLE_DEBUG_INFO = INCLUDE_SOURCE;
				MTL_FAST_MATH = YES;
				ONLY_ACTIVE_ARCH = YES;
				SDKROOT = iphoneos;
				SWIFT_ACTIVE_COMPILATION_CONDITIONS = DEBUG;
				SWIFT_OPTIMIZATION_LEVEL = "-Onone";
			};
			name = Debug;
		};
		3F1A9CA523F086C600743D7B /* Release */ = {
			isa = XCBuildConfiguration;
			buildSettings = {
				ALWAYS_SEARCH_USER_PATHS = NO;
				CLANG_ANALYZER_NONNULL = YES;
				CLANG_ANALYZER_NUMBER_OBJECT_CONVERSION = YES_AGGRESSIVE;
				CLANG_CXX_LANGUAGE_STANDARD = "gnu++14";
				CLANG_CXX_LIBRARY = "libc++";
				CLANG_ENABLE_MODULES = YES;
				CLANG_ENABLE_OBJC_ARC = YES;
				CLANG_ENABLE_OBJC_WEAK = YES;
				CLANG_WARN_BLOCK_CAPTURE_AUTORELEASING = YES;
				CLANG_WARN_BOOL_CONVERSION = YES;
				CLANG_WARN_COMMA = YES;
				CLANG_WARN_CONSTANT_CONVERSION = YES;
				CLANG_WARN_DEPRECATED_OBJC_IMPLEMENTATIONS = YES;
				CLANG_WARN_DIRECT_OBJC_ISA_USAGE = YES_ERROR;
				CLANG_WARN_DOCUMENTATION_COMMENTS = YES;
				CLANG_WARN_EMPTY_BODY = YES;
				CLANG_WARN_ENUM_CONVERSION = YES;
				CLANG_WARN_INFINITE_RECURSION = YES;
				CLANG_WARN_INT_CONVERSION = YES;
				CLANG_WARN_NON_LITERAL_NULL_CONVERSION = YES;
				CLANG_WARN_OBJC_IMPLICIT_RETAIN_SELF = YES;
				CLANG_WARN_OBJC_LITERAL_CONVERSION = YES;
				CLANG_WARN_OBJC_ROOT_CLASS = YES_ERROR;
				CLANG_WARN_RANGE_LOOP_ANALYSIS = YES;
				CLANG_WARN_STRICT_PROTOTYPES = YES;
				CLANG_WARN_SUSPICIOUS_MOVE = YES;
				CLANG_WARN_UNGUARDED_AVAILABILITY = YES_AGGRESSIVE;
				CLANG_WARN_UNREACHABLE_CODE = YES;
				CLANG_WARN__DUPLICATE_METHOD_MATCH = YES;
				COPY_PHASE_STRIP = NO;
				DEBUG_INFORMATION_FORMAT = "dwarf-with-dsym";
				ENABLE_NS_ASSERTIONS = NO;
				ENABLE_STRICT_OBJC_MSGSEND = YES;
				GCC_C_LANGUAGE_STANDARD = gnu11;
				GCC_NO_COMMON_BLOCKS = YES;
				GCC_WARN_64_TO_32_BIT_CONVERSION = YES;
				GCC_WARN_ABOUT_RETURN_TYPE = YES_ERROR;
				GCC_WARN_UNDECLARED_SELECTOR = YES;
				GCC_WARN_UNINITIALIZED_AUTOS = YES_AGGRESSIVE;
				GCC_WARN_UNUSED_FUNCTION = YES;
				GCC_WARN_UNUSED_VARIABLE = YES;
				IPHONEOS_DEPLOYMENT_TARGET = 13.2;
				MTL_ENABLE_DEBUG_INFO = NO;
				MTL_FAST_MATH = YES;
				SDKROOT = iphoneos;
				SWIFT_COMPILATION_MODE = wholemodule;
				SWIFT_OPTIMIZATION_LEVEL = "-O";
				VALIDATE_PRODUCT = YES;
			};
			name = Release;
		};
		3F1A9CA723F086C600743D7B /* Debug */ = {
			isa = XCBuildConfiguration;
			buildSettings = {
				ASSETCATALOG_COMPILER_APPICON_NAME = AppIcon;
				CODE_SIGN_STYLE = Automatic;
				INFOPLIST_FILE = Realm_test/Info.plist;
				LD_RUNPATH_SEARCH_PATHS = (
					"$(inherited)",
					"@executable_path/Frameworks",
				);
				PRODUCT_BUNDLE_IDENTIFIER = "wcgb.Realm-test";
				PRODUCT_NAME = "$(TARGET_NAME)";
				SWIFT_VERSION = 5.0;
				TARGETED_DEVICE_FAMILY = "1,2";
			};
			name = Debug;
		};
		3F1A9CA823F086C600743D7B /* Release */ = {
			isa = XCBuildConfiguration;
			buildSettings = {
				ASSETCATALOG_COMPILER_APPICON_NAME = AppIcon;
				CODE_SIGN_STYLE = Automatic;
				INFOPLIST_FILE = Realm_test/Info.plist;
				LD_RUNPATH_SEARCH_PATHS = (
					"$(inherited)",
					"@executable_path/Frameworks",
				);
				PRODUCT_BUNDLE_IDENTIFIER = "wcgb.Realm-test";
				PRODUCT_NAME = "$(TARGET_NAME)";
				SWIFT_VERSION = 5.0;
				TARGETED_DEVICE_FAMILY = "1,2";
			};
			name = Release;
		};
/* End XCBuildConfiguration section */

/* Begin XCConfigurationList section */
		3F1A9C8D23F086C600743D7B /* Build configuration list for PBXProject "Realm_test" */ = {
			isa = XCConfigurationList;
			buildConfigurations = (
				3F1A9CA423F086C600743D7B /* Debug */,
				3F1A9CA523F086C600743D7B /* Release */,
			);
			defaultConfigurationIsVisible = 0;
			defaultConfigurationName = Release;
		};
		3F1A9CA623F086C600743D7B /* Build configuration list for PBXNativeTarget "Realm_test" */ = {
			isa = XCConfigurationList;
			buildConfigurations = (
				3F1A9CA723F086C600743D7B /* Debug */,
				3F1A9CA823F086C600743D7B /* Release */,
			);
			defaultConfigurationIsVisible = 0;
			defaultConfigurationName = Release;
		};
/* End XCConfigurationList section */
	};
	rootObject = 3F1A9C8A23F086C600743D7B /* Project object */;
}
