// !$*UTF8*$!
{
	archiveVersion = 1;
	classes = {
	};
	objectVersion = 50;
	objects = {

/* Begin PBXBuildFile section */
		FBAB6A0323638D2E00B6373D /* AppDelegate.swift in Sources */ = {isa = PBXBuildFile; fileRef = FBAB6A0223638D2E00B6373D /* AppDelegate.swift */; };
		FBAB6A0523638D2E00B6373D /* SceneDelegate.swift in Sources */ = {isa = PBXBuildFile; fileRef = FBAB6A0423638D2E00B6373D /* SceneDelegate.swift */; };
		FBAB6A0723638D2E00B6373D /* ViewController.swift in Sources */ = {isa = PBXBuildFile; fileRef = FBAB6A0623638D2E00B6373D /* ViewController.swift */; };
		FBAB6A0A23638D2E00B6373D /* Main.storyboard in Resources */ = {isa = PBXBuildFile; fileRef = FBAB6A0823638D2E00B6373D /* Main.storyboard */; };
		FBAB6A0C23638D3300B6373D /* Assets.xcassets in Resources */ = {isa = PBXBuildFile; fileRef = FBAB6A0B23638D3300B6373D /* Assets.xcassets */; };
		FBAB6A0F23638D3300B6373D /* LaunchScreen.storyboard in Resources */ = {isa = PBXBuildFile; fileRef = FBAB6A0D23638D3300B6373D /* LaunchScreen.storyboard */; };
		FBAB6A1A23638D3300B6373D /* SBiOS_m6_1Tests.swift in Sources */ = {isa = PBXBuildFile; fileRef = FBAB6A1923638D3300B6373D /* SBiOS_m6_1Tests.swift */; };
		FBAB6A2523638D3400B6373D /* SBiOS_m6_1UITests.swift in Sources */ = {isa = PBXBuildFile; fileRef = FBAB6A2423638D3400B6373D /* SBiOS_m6_1UITests.swift */; };
/* End PBXBuildFile section */

/* Begin PBXContainerItemProxy section */
		FBAB6A1623638D3300B6373D /* PBXContainerItemProxy */ = {
			isa = PBXContainerItemProxy;
			containerPortal = FBAB69F723638D2E00B6373D /* Project object */;
			proxyType = 1;
			remoteGlobalIDString = FBAB69FE23638D2E00B6373D;
			remoteInfo = SBiOS_m6_1;
		};
		FBAB6A2123638D3400B6373D /* PBXContainerItemProxy */ = {
			isa = PBXContainerItemProxy;
			containerPortal = FBAB69F723638D2E00B6373D /* Project object */;
			proxyType = 1;
			remoteGlobalIDString = FBAB69FE23638D2E00B6373D;
			remoteInfo = SBiOS_m6_1;
		};
/* End PBXContainerItemProxy section */

/* Begin PBXFileReference section */
		FBAB69FF23638D2E00B6373D /* SBiOS_m6_1.app */ = {isa = PBXFileReference; explicitFileType = wrapper.application; includeInIndex = 0; path = SBiOS_m6_1.app; sourceTree = BUILT_PRODUCTS_DIR; };
		FBAB6A0223638D2E00B6373D /* AppDelegate.swift */ = {isa = PBXFileReference; lastKnownFileType = sourcecode.swift; path = AppDelegate.swift; sourceTree = "<group>"; };
		FBAB6A0423638D2E00B6373D /* SceneDelegate.swift */ = {isa = PBXFileReference; lastKnownFileType = sourcecode.swift; path = SceneDelegate.swift; sourceTree = "<group>"; };
		FBAB6A0623638D2E00B6373D /* ViewController.swift */ = {isa = PBXFileReference; lastKnownFileType = sourcecode.swift; path = ViewController.swift; sourceTree = "<group>"; };
		FBAB6A0923638D2E00B6373D /* Base */ = {isa = PBXFileReference; lastKnownFileType = file.storyboard; name = Base; path = Base.lproj/Main.storyboard; sourceTree = "<group>"; };
		FBAB6A0B23638D3300B6373D /* Assets.xcassets */ = {isa = PBXFileReference; lastKnownFileType = folder.assetcatalog; path = Assets.xcassets; sourceTree = "<group>"; };
		FBAB6A0E23638D3300B6373D /* Base */ = {isa = PBXFileReference; lastKnownFileType = file.storyboard; name = Base; path = Base.lproj/LaunchScreen.storyboard; sourceTree = "<group>"; };
		FBAB6A1023638D3300B6373D /* Info.plist */ = {isa = PBXFileReference; lastKnownFileType = text.plist.xml; path = Info.plist; sourceTree = "<group>"; };
		FBAB6A1523638D3300B6373D /* SBiOS_m6_1Tests.xctest */ = {isa = PBXFileReference; explicitFileType = wrapper.cfbundle; includeInIndex = 0; path = SBiOS_m6_1Tests.xctest; sourceTree = BUILT_PRODUCTS_DIR; };
		FBAB6A1923638D3300B6373D /* SBiOS_m6_1Tests.swift */ = {isa = PBXFileReference; lastKnownFileType = sourcecode.swift; path = SBiOS_m6_1Tests.swift; sourceTree = "<group>"; };
		FBAB6A1B23638D3300B6373D /* Info.plist */ = {isa = PBXFileReference; lastKnownFileType = text.plist.xml; path = Info.plist; sourceTree = "<group>"; };
		FBAB6A2023638D3400B6373D /* SBiOS_m6_1UITests.xctest */ = {isa = PBXFileReference; explicitFileType = wrapper.cfbundle; includeInIndex = 0; path = SBiOS_m6_1UITests.xctest; sourceTree = BUILT_PRODUCTS_DIR; };
		FBAB6A2423638D3400B6373D /* SBiOS_m6_1UITests.swift */ = {isa = PBXFileReference; lastKnownFileType = sourcecode.swift; path = SBiOS_m6_1UITests.swift; sourceTree = "<group>"; };
		FBAB6A2623638D3400B6373D /* Info.plist */ = {isa = PBXFileReference; lastKnownFileType = text.plist.xml; path = Info.plist; sourceTree = "<group>"; };
/* End PBXFileReference section */

/* Begin PBXFrameworksBuildPhase section */
		FBAB69FC23638D2E00B6373D /* Frameworks */ = {
			isa = PBXFrameworksBuildPhase;
			buildActionMask = 2147483647;
			files = (
			);
			runOnlyForDeploymentPostprocessing = 0;
		};
		FBAB6A1223638D3300B6373D /* Frameworks */ = {
			isa = PBXFrameworksBuildPhase;
			buildActionMask = 2147483647;
			files = (
			);
			runOnlyForDeploymentPostprocessing = 0;
		};
		FBAB6A1D23638D3400B6373D /* Frameworks */ = {
			isa = PBXFrameworksBuildPhase;
			buildActionMask = 2147483647;
			files = (
			);
			runOnlyForDeploymentPostprocessing = 0;
		};
/* End PBXFrameworksBuildPhase section */

/* Begin PBXGroup section */
		FBAB69F623638D2E00B6373D = {
			isa = PBXGroup;
			children = (
				FBAB6A0123638D2E00B6373D /* SBiOS_m6_1 */,
				FBAB6A1823638D3300B6373D /* SBiOS_m6_1Tests */,
				FBAB6A2323638D3400B6373D /* SBiOS_m6_1UITests */,
				FBAB6A0023638D2E00B6373D /* Products */,
			);
			sourceTree = "<group>";
		};
		FBAB6A0023638D2E00B6373D /* Products */ = {
			isa = PBXGroup;
			children = (
				FBAB69FF23638D2E00B6373D /* SBiOS_m6_1.app */,
				FBAB6A1523638D3300B6373D /* SBiOS_m6_1Tests.xctest */,
				FBAB6A2023638D3400B6373D /* SBiOS_m6_1UITests.xctest */,
			);
			name = Products;
			sourceTree = "<group>";
		};
		FBAB6A0123638D2E00B6373D /* SBiOS_m6_1 */ = {
			isa = PBXGroup;
			children = (
				FBAB6A0223638D2E00B6373D /* AppDelegate.swift */,
				FBAB6A0423638D2E00B6373D /* SceneDelegate.swift */,
				FBAB6A0623638D2E00B6373D /* ViewController.swift */,
				FBAB6A0823638D2E00B6373D /* Main.storyboard */,
				FBAB6A0B23638D3300B6373D /* Assets.xcassets */,
				FBAB6A0D23638D3300B6373D /* LaunchScreen.storyboard */,
				FBAB6A1023638D3300B6373D /* Info.plist */,
			);
			path = SBiOS_m6_1;
			sourceTree = "<group>";
		};
		FBAB6A1823638D3300B6373D /* SBiOS_m6_1Tests */ = {
			isa = PBXGroup;
			children = (
				FBAB6A1923638D3300B6373D /* SBiOS_m6_1Tests.swift */,
				FBAB6A1B23638D3300B6373D /* Info.plist */,
			);
			path = SBiOS_m6_1Tests;
			sourceTree = "<group>";
		};
		FBAB6A2323638D3400B6373D /* SBiOS_m6_1UITests */ = {
			isa = PBXGroup;
			children = (
				FBAB6A2423638D3400B6373D /* SBiOS_m6_1UITests.swift */,
				FBAB6A2623638D3400B6373D /* Info.plist */,
			);
			path = SBiOS_m6_1UITests;
			sourceTree = "<group>";
		};
/* End PBXGroup section */

/* Begin PBXNativeTarget section */
		FBAB69FE23638D2E00B6373D /* SBiOS_m6_1 */ = {
			isa = PBXNativeTarget;
			buildConfigurationList = FBAB6A2923638D3400B6373D /* Build configuration list for PBXNativeTarget "SBiOS_m6_1" */;
			buildPhases = (
				FBAB69FB23638D2E00B6373D /* Sources */,
				FBAB69FC23638D2E00B6373D /* Frameworks */,
				FBAB69FD23638D2E00B6373D /* Resources */,
			);
			buildRules = (
			);
			dependencies = (
			);
			name = SBiOS_m6_1;
			productName = SBiOS_m6_1;
			productReference = FBAB69FF23638D2E00B6373D /* SBiOS_m6_1.app */;
			productType = "com.apple.product-type.application";
		};
		FBAB6A1423638D3300B6373D /* SBiOS_m6_1Tests */ = {
			isa = PBXNativeTarget;
			buildConfigurationList = FBAB6A2C23638D3400B6373D /* Build configuration list for PBXNativeTarget "SBiOS_m6_1Tests" */;
			buildPhases = (
				FBAB6A1123638D3300B6373D /* Sources */,
				FBAB6A1223638D3300B6373D /* Frameworks */,
				FBAB6A1323638D3300B6373D /* Resources */,
			);
			buildRules = (
			);
			dependencies = (
				FBAB6A1723638D3300B6373D /* PBXTargetDependency */,
			);
			name = SBiOS_m6_1Tests;
			productName = SBiOS_m6_1Tests;
			productReference = FBAB6A1523638D3300B6373D /* SBiOS_m6_1Tests.xctest */;
			productType = "com.apple.product-type.bundle.unit-test";
		};
		FBAB6A1F23638D3400B6373D /* SBiOS_m6_1UITests */ = {
			isa = PBXNativeTarget;
			buildConfigurationList = FBAB6A2F23638D3400B6373D /* Build configuration list for PBXNativeTarget "SBiOS_m6_1UITests" */;
			buildPhases = (
				FBAB6A1C23638D3400B6373D /* Sources */,
				FBAB6A1D23638D3400B6373D /* Frameworks */,
				FBAB6A1E23638D3400B6373D /* Resources */,
			);
			buildRules = (
			);
			dependencies = (
				FBAB6A2223638D3400B6373D /* PBXTargetDependency */,
			);
			name = SBiOS_m6_1UITests;
			productName = SBiOS_m6_1UITests;
			productReference = FBAB6A2023638D3400B6373D /* SBiOS_m6_1UITests.xctest */;
			productType = "com.apple.product-type.bundle.ui-testing";
		};
/* End PBXNativeTarget section */

/* Begin PBXProject section */
		FBAB69F723638D2E00B6373D /* Project object */ = {
			isa = PBXProject;
			attributes = {
				LastSwiftUpdateCheck = 1110;
				LastUpgradeCheck = 1110;
				ORGANIZATIONNAME = watchingcarsgoby;
				TargetAttributes = {
					FBAB69FE23638D2E00B6373D = {
						CreatedOnToolsVersion = 11.1;
					};
					FBAB6A1423638D3300B6373D = {
						CreatedOnToolsVersion = 11.1;
						TestTargetID = FBAB69FE23638D2E00B6373D;
					};
					FBAB6A1F23638D3400B6373D = {
						CreatedOnToolsVersion = 11.1;
						TestTargetID = FBAB69FE23638D2E00B6373D;
					};
				};
			};
			buildConfigurationList = FBAB69FA23638D2E00B6373D /* Build configuration list for PBXProject "SBiOS_m6_1" */;
			compatibilityVersion = "Xcode 9.3";
			developmentRegion = en;
			hasScannedForEncodings = 0;
			knownRegions = (
				en,
				Base,
			);
			mainGroup = FBAB69F623638D2E00B6373D;
			productRefGroup = FBAB6A0023638D2E00B6373D /* Products */;
			projectDirPath = "";
			projectRoot = "";
			targets = (
				FBAB69FE23638D2E00B6373D /* SBiOS_m6_1 */,
				FBAB6A1423638D3300B6373D /* SBiOS_m6_1Tests */,
				FBAB6A1F23638D3400B6373D /* SBiOS_m6_1UITests */,
			);
		};
/* End PBXProject section */

/* Begin PBXResourcesBuildPhase section */
		FBAB69FD23638D2E00B6373D /* Resources */ = {
			isa = PBXResourcesBuildPhase;
			buildActionMask = 2147483647;
			files = (
				FBAB6A0F23638D3300B6373D /* LaunchScreen.storyboard in Resources */,
				FBAB6A0C23638D3300B6373D /* Assets.xcassets in Resources */,
				FBAB6A0A23638D2E00B6373D /* Main.storyboard in Resources */,
			);
			runOnlyForDeploymentPostprocessing = 0;
		};
		FBAB6A1323638D3300B6373D /* Resources */ = {
			isa = PBXResourcesBuildPhase;
			buildActionMask = 2147483647;
			files = (
			);
			runOnlyForDeploymentPostprocessing = 0;
		};
		FBAB6A1E23638D3400B6373D /* Resources */ = {
			isa = PBXResourcesBuildPhase;
			buildActionMask = 2147483647;
			files = (
			);
			runOnlyForDeploymentPostprocessing = 0;
		};
/* End PBXResourcesBuildPhase section */

/* Begin PBXSourcesBuildPhase section */
		FBAB69FB23638D2E00B6373D /* Sources */ = {
			isa = PBXSourcesBuildPhase;
			buildActionMask = 2147483647;
			files = (
				FBAB6A0723638D2E00B6373D /* ViewController.swift in Sources */,
				FBAB6A0323638D2E00B6373D /* AppDelegate.swift in Sources */,
				FBAB6A0523638D2E00B6373D /* SceneDelegate.swift in Sources */,
			);
			runOnlyForDeploymentPostprocessing = 0;
		};
		FBAB6A1123638D3300B6373D /* Sources */ = {
			isa = PBXSourcesBuildPhase;
			buildActionMask = 2147483647;
			files = (
				FBAB6A1A23638D3300B6373D /* SBiOS_m6_1Tests.swift in Sources */,
			);
			runOnlyForDeploymentPostprocessing = 0;
		};
		FBAB6A1C23638D3400B6373D /* Sources */ = {
			isa = PBXSourcesBuildPhase;
			buildActionMask = 2147483647;
			files = (
				FBAB6A2523638D3400B6373D /* SBiOS_m6_1UITests.swift in Sources */,
			);
			runOnlyForDeploymentPostprocessing = 0;
		};
/* End PBXSourcesBuildPhase section */

/* Begin PBXTargetDependency section */
		FBAB6A1723638D3300B6373D /* PBXTargetDependency */ = {
			isa = PBXTargetDependency;
			target = FBAB69FE23638D2E00B6373D /* SBiOS_m6_1 */;
			targetProxy = FBAB6A1623638D3300B6373D /* PBXContainerItemProxy */;
		};
		FBAB6A2223638D3400B6373D /* PBXTargetDependency */ = {
			isa = PBXTargetDependency;
			target = FBAB69FE23638D2E00B6373D /* SBiOS_m6_1 */;
			targetProxy = FBAB6A2123638D3400B6373D /* PBXContainerItemProxy */;
		};
/* End PBXTargetDependency section */

/* Begin PBXVariantGroup section */
		FBAB6A0823638D2E00B6373D /* Main.storyboard */ = {
			isa = PBXVariantGroup;
			children = (
				FBAB6A0923638D2E00B6373D /* Base */,
			);
			name = Main.storyboard;
			sourceTree = "<group>";
		};
		FBAB6A0D23638D3300B6373D /* LaunchScreen.storyboard */ = {
			isa = PBXVariantGroup;
			children = (
				FBAB6A0E23638D3300B6373D /* Base */,
			);
			name = LaunchScreen.storyboard;
			sourceTree = "<group>";
		};
/* End PBXVariantGroup section */

/* Begin XCBuildConfiguration section */
		FBAB6A2723638D3400B6373D /* Debug */ = {
			isa = XCBuildConfiguration;
			buildSettings = {
				ALWAYS_SEARCH_USER_PATHS = NO;
				CLANG_ANALYZER_NONNULL = YES;
				CLANG_ANALYZER_NUMBER_OBJECT_CONVERSION = YES_AGGRESSIVE;
				CLANG_CXX_LANGUAGE_STANDARD = "gnu++14";
				CLANG_CXX_LIBRARY = "libc++";
				CLANG_ENABLE_MODULES = YES;
				CLANG_ENABLE_OBJC_ARC = YES;
				CLANG_ENABLE_OBJC_WEAK = YES;
				CLANG_WARN_BLOCK_CAPTURE_AUTORELEASING = YES;
				CLANG_WARN_BOOL_CONVERSION = YES;
				CLANG_WARN_COMMA = YES;
				CLANG_WARN_CONSTANT_CONVERSION = YES;
				CLANG_WARN_DEPRECATED_OBJC_IMPLEMENTATIONS = YES;
				CLANG_WARN_DIRECT_OBJC_ISA_USAGE = YES_ERROR;
				CLANG_WARN_DOCUMENTATION_COMMENTS = YES;
				CLANG_WARN_EMPTY_BODY = YES;
				CLANG_WARN_ENUM_CONVERSION = YES;
				CLANG_WARN_INFINITE_RECURSION = YES;
				CLANG_WARN_INT_CONVERSION = YES;
				CLANG_WARN_NON_LITERAL_NULL_CONVERSION = YES;
				CLANG_WARN_OBJC_IMPLICIT_RETAIN_SELF = YES;
				CLANG_WARN_OBJC_LITERAL_CONVERSION = YES;
				CLANG_WARN_OBJC_ROOT_CLASS = YES_ERROR;
				CLANG_WARN_RANGE_LOOP_ANALYSIS = YES;
				CLANG_WARN_STRICT_PROTOTYPES = YES;
				CLANG_WARN_SUSPICIOUS_MOVE = YES;
				CLANG_WARN_UNGUARDED_AVAILABILITY = YES_AGGRESSIVE;
				CLANG_WARN_UNREACHABLE_CODE = YES;
				CLANG_WARN__DUPLICATE_METHOD_MATCH = YES;
				COPY_PHASE_STRIP = NO;
				DEBUG_INFORMATION_FORMAT = dwarf;
				ENABLE_STRICT_OBJC_MSGSEND = YES;
				ENABLE_TESTABILITY = YES;
				GCC_C_LANGUAGE_STANDARD = gnu11;
				GCC_DYNAMIC_NO_PIC = NO;
				GCC_NO_COMMON_BLOCKS = YES;
				GCC_OPTIMIZATION_LEVEL = 0;
				GCC_PREPROCESSOR_DEFINITIONS = (
					"DEBUG=1",
					"$(inherited)",
				);
				GCC_WARN_64_TO_32_BIT_CONVERSION = YES;
				GCC_WARN_ABOUT_RETURN_TYPE = YES_ERROR;
				GCC_WARN_UNDECLARED_SELECTOR = YES;
				GCC_WARN_UNINITIALIZED_AUTOS = YES_AGGRESSIVE;
				GCC_WARN_UNUSED_FUNCTION = YES;
				GCC_WARN_UNUSED_VARIABLE = YES;
				IPHONEOS_DEPLOYMENT_TARGET = 13.1;
				MTL_ENABLE_DEBUG_INFO = INCLUDE_SOURCE;
				MTL_FAST_MATH = YES;
				ONLY_ACTIVE_ARCH = YES;
				SDKROOT = iphoneos;
				SWIFT_ACTIVE_COMPILATION_CONDITIONS = DEBUG;
				SWIFT_OPTIMIZATION_LEVEL = "-Onone";
			};
			name = Debug;
		};
		FBAB6A2823638D3400B6373D /* Release */ = {
			isa = XCBuildConfiguration;
			buildSettings = {
				ALWAYS_SEARCH_USER_PATHS = NO;
				CLANG_ANALYZER_NONNULL = YES;
				CLANG_ANALYZER_NUMBER_OBJECT_CONVERSION = YES_AGGRESSIVE;
				CLANG_CXX_LANGUAGE_STANDARD = "gnu++14";
				CLANG_CXX_LIBRARY = "libc++";
				CLANG_ENABLE_MODULES = YES;
				CLANG_ENABLE_OBJC_ARC = YES;
				CLANG_ENABLE_OBJC_WEAK = YES;
				CLANG_WARN_BLOCK_CAPTURE_AUTORELEASING = YES;
				CLANG_WARN_BOOL_CONVERSION = YES;
				CLANG_WARN_COMMA = YES;
				CLANG_WARN_CONSTANT_CONVERSION = YES;
				CLANG_WARN_DEPRECATED_OBJC_IMPLEMENTATIONS = YES;
				CLANG_WARN_DIRECT_OBJC_ISA_USAGE = YES_ERROR;
				CLANG_WARN_DOCUMENTATION_COMMENTS = YES;
				CLANG_WARN_EMPTY_BODY = YES;
				CLANG_WARN_ENUM_CONVERSION = YES;
				CLANG_WARN_INFINITE_RECURSION = YES;
				CLANG_WARN_INT_CONVERSION = YES;
				CLANG_WARN_NON_LITERAL_NULL_CONVERSION = YES;
				CLANG_WARN_OBJC_IMPLICIT_RETAIN_SELF = YES;
				CLANG_WARN_OBJC_LITERAL_CONVERSION = YES;
				CLANG_WARN_OBJC_ROOT_CLASS = YES_ERROR;
				CLANG_WARN_RANGE_LOOP_ANALYSIS = YES;
				CLANG_WARN_STRICT_PROTOTYPES = YES;
				CLANG_WARN_SUSPICIOUS_MOVE = YES;
				CLANG_WARN_UNGUARDED_AVAILABILITY = YES_AGGRESSIVE;
				CLANG_WARN_UNREACHABLE_CODE = YES;
				CLANG_WARN__DUPLICATE_METHOD_MATCH = YES;
				COPY_PHASE_STRIP = NO;
				DEBUG_INFORMATION_FORMAT = "dwarf-with-dsym";
				ENABLE_NS_ASSERTIONS = NO;
				ENABLE_STRICT_OBJC_MSGSEND = YES;
				GCC_C_LANGUAGE_STANDARD = gnu11;
				GCC_NO_COMMON_BLOCKS = YES;
				GCC_WARN_64_TO_32_BIT_CONVERSION = YES;
				GCC_WARN_ABOUT_RETURN_TYPE = YES_ERROR;
				GCC_WARN_UNDECLARED_SELECTOR = YES;
				GCC_WARN_UNINITIALIZED_AUTOS = YES_AGGRESSIVE;
				GCC_WARN_UNUSED_FUNCTION = YES;
				GCC_WARN_UNUSED_VARIABLE = YES;
				IPHONEOS_DEPLOYMENT_TARGET = 13.1;
				MTL_ENABLE_DEBUG_INFO = NO;
				MTL_FAST_MATH = YES;
				SDKROOT = iphoneos;
				SWIFT_COMPILATION_MODE = wholemodule;
				SWIFT_OPTIMIZATION_LEVEL = "-O";
				VALIDATE_PRODUCT = YES;
			};
			name = Release;
		};
		FBAB6A2A23638D3400B6373D /* Debug */ = {
			isa = XCBuildConfiguration;
			buildSettings = {
				ASSETCATALOG_COMPILER_APPICON_NAME = AppIcon;
				CODE_SIGN_STYLE = Automatic;
				DEVELOPMENT_TEAM = FH9R39U9P3;
				INFOPLIST_FILE = SBiOS_m6_1/Info.plist;
				LD_RUNPATH_SEARCH_PATHS = (
					"$(inherited)",
					"@executable_path/Frameworks",
				);
				PRODUCT_BUNDLE_IDENTIFIER = "wcgb.SBiOS-m6-1";
				PRODUCT_NAME = "$(TARGET_NAME)";
				SWIFT_VERSION = 5.0;
				TARGETED_DEVICE_FAMILY = "1,2";
			};
			name = Debug;
		};
		FBAB6A2B23638D3400B6373D /* Release */ = {
			isa = XCBuildConfiguration;
			buildSettings = {
				ASSETCATALOG_COMPILER_APPICON_NAME = AppIcon;
				CODE_SIGN_STYLE = Automatic;
				DEVELOPMENT_TEAM = FH9R39U9P3;
				INFOPLIST_FILE = SBiOS_m6_1/Info.plist;
				LD_RUNPATH_SEARCH_PATHS = (
					"$(inherited)",
					"@executable_path/Frameworks",
				);
				PRODUCT_BUNDLE_IDENTIFIER = "wcgb.SBiOS-m6-1";
				PRODUCT_NAME = "$(TARGET_NAME)";
				SWIFT_VERSION = 5.0;
				TARGETED_DEVICE_FAMILY = "1,2";
			};
			name = Release;
		};
		FBAB6A2D23638D3400B6373D /* Debug */ = {
			isa = XCBuildConfiguration;
			buildSettings = {
				ALWAYS_EMBED_SWIFT_STANDARD_LIBRARIES = YES;
				BUNDLE_LOADER = "$(TEST_HOST)";
				CODE_SIGN_STYLE = Automatic;
				DEVELOPMENT_TEAM = FH9R39U9P3;
				INFOPLIST_FILE = SBiOS_m6_1Tests/Info.plist;
				IPHONEOS_DEPLOYMENT_TARGET = 13.1;
				LD_RUNPATH_SEARCH_PATHS = (
					"$(inherited)",
					"@executable_path/Frameworks",
					"@loader_path/Frameworks",
				);
				PRODUCT_BUNDLE_IDENTIFIER = "wcgb.SBiOS-m6-1Tests";
				PRODUCT_NAME = "$(TARGET_NAME)";
				SWIFT_VERSION = 5.0;
				TARGETED_DEVICE_FAMILY = "1,2";
				TEST_HOST = "$(BUILT_PRODUCTS_DIR)/SBiOS_m6_1.app/SBiOS_m6_1";
			};
			name = Debug;
		};
		FBAB6A2E23638D3400B6373D /* Release */ = {
			isa = XCBuildConfiguration;
			buildSettings = {
				ALWAYS_EMBED_SWIFT_STANDARD_LIBRARIES = YES;
				BUNDLE_LOADER = "$(TEST_HOST)";
				CODE_SIGN_STYLE = Automatic;
				DEVELOPMENT_TEAM = FH9R39U9P3;
				INFOPLIST_FILE = SBiOS_m6_1Tests/Info.plist;
				IPHONEOS_DEPLOYMENT_TARGET = 13.1;
				LD_RUNPATH_SEARCH_PATHS = (
					"$(inherited)",
					"@executable_path/Frameworks",
					"@loader_path/Frameworks",
				);
				PRODUCT_BUNDLE_IDENTIFIER = "wcgb.SBiOS-m6-1Tests";
				PRODUCT_NAME = "$(TARGET_NAME)";
				SWIFT_VERSION = 5.0;
				TARGETED_DEVICE_FAMILY = "1,2";
				TEST_HOST = "$(BUILT_PRODUCTS_DIR)/SBiOS_m6_1.app/SBiOS_m6_1";
			};
			name = Release;
		};
		FBAB6A3023638D3400B6373D /* Debug */ = {
			isa = XCBuildConfiguration;
			buildSettings = {
				ALWAYS_EMBED_SWIFT_STANDARD_LIBRARIES = YES;
				CODE_SIGN_STYLE = Automatic;
				DEVELOPMENT_TEAM = FH9R39U9P3;
				INFOPLIST_FILE = SBiOS_m6_1UITests/Info.plist;
				LD_RUNPATH_SEARCH_PATHS = (
					"$(inherited)",
					"@executable_path/Frameworks",
					"@loader_path/Frameworks",
				);
				PRODUCT_BUNDLE_IDENTIFIER = "wcgb.SBiOS-m6-1UITests";
				PRODUCT_NAME = "$(TARGET_NAME)";
				SWIFT_VERSION = 5.0;
				TARGETED_DEVICE_FAMILY = "1,2";
				TEST_TARGET_NAME = SBiOS_m6_1;
			};
			name = Debug;
		};
		FBAB6A3123638D3400B6373D /* Release */ = {
			isa = XCBuildConfiguration;
			buildSettings = {
				ALWAYS_EMBED_SWIFT_STANDARD_LIBRARIES = YES;
				CODE_SIGN_STYLE = Automatic;
				DEVELOPMENT_TEAM = FH9R39U9P3;
				INFOPLIST_FILE = SBiOS_m6_1UITests/Info.plist;
				LD_RUNPATH_SEARCH_PATHS = (
					"$(inherited)",
					"@executable_path/Frameworks",
					"@loader_path/Frameworks",
				);
				PRODUCT_BUNDLE_IDENTIFIER = "wcgb.SBiOS-m6-1UITests";
				PRODUCT_NAME = "$(TARGET_NAME)";
				SWIFT_VERSION = 5.0;
				TARGETED_DEVICE_FAMILY = "1,2";
				TEST_TARGET_NAME = SBiOS_m6_1;
			};
			name = Release;
		};
/* End XCBuildConfiguration section */

/* Begin XCConfigurationList section */
		FBAB69FA23638D2E00B6373D /* Build configuration list for PBXProject "SBiOS_m6_1" */ = {
			isa = XCConfigurationList;
			buildConfigurations = (
				FBAB6A2723638D3400B6373D /* Debug */,
				FBAB6A2823638D3400B6373D /* Release */,
			);
			defaultConfigurationIsVisible = 0;
			defaultConfigurationName = Release;
		};
		FBAB6A2923638D3400B6373D /* Build configuration list for PBXNativeTarget "SBiOS_m6_1" */ = {
			isa = XCConfigurationList;
			buildConfigurations = (
				FBAB6A2A23638D3400B6373D /* Debug */,
				FBAB6A2B23638D3400B6373D /* Release */,
			);
			defaultConfigurationIsVisible = 0;
			defaultConfigurationName = Release;
		};
		FBAB6A2C23638D3400B6373D /* Build configuration list for PBXNativeTarget "SBiOS_m6_1Tests" */ = {
			isa = XCConfigurationList;
			buildConfigurations = (
				FBAB6A2D23638D3400B6373D /* Debug */,
				FBAB6A2E23638D3400B6373D /* Release */,
			);
			defaultConfigurationIsVisible = 0;
			defaultConfigurationName = Release;
		};
		FBAB6A2F23638D3400B6373D /* Build configuration list for PBXNativeTarget "SBiOS_m6_1UITests" */ = {
			isa = XCConfigurationList;
			buildConfigurations = (
				FBAB6A3023638D3400B6373D /* Debug */,
				FBAB6A3123638D3400B6373D /* Release */,
			);
			defaultConfigurationIsVisible = 0;
			defaultConfigurationName = Release;
		};
/* End XCConfigurationList section */
	};
	rootObject = FBAB69F723638D2E00B6373D /* Project object */;
}
