// !$*UTF8*$!
{
	archiveVersion = 1;
	classes = {
	};
	objectVersion = 50;
	objects = {

/* Begin PBXBuildFile section */
		FB0D7AE9236B9AE1003B1A26 /* AppDelegate.swift in Sources */ = {isa = PBXBuildFile; fileRef = FB0D7AE8236B9AE1003B1A26 /* AppDelegate.swift */; };
		FB0D7AEB236B9AE1003B1A26 /* SceneDelegate.swift in Sources */ = {isa = PBXBuildFile; fileRef = FB0D7AEA236B9AE1003B1A26 /* SceneDelegate.swift */; };
		FB0D7AED236B9AE1003B1A26 /* ViewController.swift in Sources */ = {isa = PBXBuildFile; fileRef = FB0D7AEC236B9AE1003B1A26 /* ViewController.swift */; };
		FB0D7AF0236B9AE1003B1A26 /* Main.storyboard in Resources */ = {isa = PBXBuildFile; fileRef = FB0D7AEE236B9AE1003B1A26 /* Main.storyboard */; };
		FB0D7AF2236B9AFB003B1A26 /* Assets.xcassets in Resources */ = {isa = PBXBuildFile; fileRef = FB0D7AF1236B9AFB003B1A26 /* Assets.xcassets */; };
		FB0D7AF5236B9AFB003B1A26 /* LaunchScreen.storyboard in Resources */ = {isa = PBXBuildFile; fileRef = FB0D7AF3236B9AFB003B1A26 /* LaunchScreen.storyboard */; };
		FB0D7B00236B9AFB003B1A26 /* SBiOS_m6_3Tests.swift in Sources */ = {isa = PBXBuildFile; fileRef = FB0D7AFF236B9AFB003B1A26 /* SBiOS_m6_3Tests.swift */; };
		FB0D7B0B236B9AFC003B1A26 /* SBiOS_m6_3UITests.swift in Sources */ = {isa = PBXBuildFile; fileRef = FB0D7B0A236B9AFC003B1A26 /* SBiOS_m6_3UITests.swift */; };
/* End PBXBuildFile section */

/* Begin PBXContainerItemProxy section */
		FB0D7AFC236B9AFB003B1A26 /* PBXContainerItemProxy */ = {
			isa = PBXContainerItemProxy;
			containerPortal = FB0D7ADD236B9AE1003B1A26 /* Project object */;
			proxyType = 1;
			remoteGlobalIDString = FB0D7AE4236B9AE1003B1A26;
			remoteInfo = SBiOS_m6_3;
		};
		FB0D7B07236B9AFB003B1A26 /* PBXContainerItemProxy */ = {
			isa = PBXContainerItemProxy;
			containerPortal = FB0D7ADD236B9AE1003B1A26 /* Project object */;
			proxyType = 1;
			remoteGlobalIDString = FB0D7AE4236B9AE1003B1A26;
			remoteInfo = SBiOS_m6_3;
		};
/* End PBXContainerItemProxy section */

/* Begin PBXFileReference section */
		FB0D7AE5236B9AE1003B1A26 /* SBiOS_m6_3.app */ = {isa = PBXFileReference; explicitFileType = wrapper.application; includeInIndex = 0; path = SBiOS_m6_3.app; sourceTree = BUILT_PRODUCTS_DIR; };
		FB0D7AE8236B9AE1003B1A26 /* AppDelegate.swift */ = {isa = PBXFileReference; lastKnownFileType = sourcecode.swift; path = AppDelegate.swift; sourceTree = "<group>"; };
		FB0D7AEA236B9AE1003B1A26 /* SceneDelegate.swift */ = {isa = PBXFileReference; lastKnownFileType = sourcecode.swift; path = SceneDelegate.swift; sourceTree = "<group>"; };
		FB0D7AEC236B9AE1003B1A26 /* ViewController.swift */ = {isa = PBXFileReference; lastKnownFileType = sourcecode.swift; path = ViewController.swift; sourceTree = "<group>"; };
		FB0D7AEF236B9AE1003B1A26 /* Base */ = {isa = PBXFileReference; lastKnownFileType = file.storyboard; name = Base; path = Base.lproj/Main.storyboard; sourceTree = "<group>"; };
		FB0D7AF1236B9AFB003B1A26 /* Assets.xcassets */ = {isa = PBXFileReference; lastKnownFileType = folder.assetcatalog; path = Assets.xcassets; sourceTree = "<group>"; };
		FB0D7AF4236B9AFB003B1A26 /* Base */ = {isa = PBXFileReference; lastKnownFileType = file.storyboard; name = Base; path = Base.lproj/LaunchScreen.storyboard; sourceTree = "<group>"; };
		FB0D7AF6236B9AFB003B1A26 /* Info.plist */ = {isa = PBXFileReference; lastKnownFileType = text.plist.xml; path = Info.plist; sourceTree = "<group>"; };
		FB0D7AFB236B9AFB003B1A26 /* SBiOS_m6_3Tests.xctest */ = {isa = PBXFileReference; explicitFileType = wrapper.cfbundle; includeInIndex = 0; path = SBiOS_m6_3Tests.xctest; sourceTree = BUILT_PRODUCTS_DIR; };
		FB0D7AFF236B9AFB003B1A26 /* SBiOS_m6_3Tests.swift */ = {isa = PBXFileReference; lastKnownFileType = sourcecode.swift; path = SBiOS_m6_3Tests.swift; sourceTree = "<group>"; };
		FB0D7B01236B9AFB003B1A26 /* Info.plist */ = {isa = PBXFileReference; lastKnownFileType = text.plist.xml; path = Info.plist; sourceTree = "<group>"; };
		FB0D7B06236B9AFB003B1A26 /* SBiOS_m6_3UITests.xctest */ = {isa = PBXFileReference; explicitFileType = wrapper.cfbundle; includeInIndex = 0; path = SBiOS_m6_3UITests.xctest; sourceTree = BUILT_PRODUCTS_DIR; };
		FB0D7B0A236B9AFC003B1A26 /* SBiOS_m6_3UITests.swift */ = {isa = PBXFileReference; lastKnownFileType = sourcecode.swift; path = SBiOS_m6_3UITests.swift; sourceTree = "<group>"; };
		FB0D7B0C236B9AFC003B1A26 /* Info.plist */ = {isa = PBXFileReference; lastKnownFileType = text.plist.xml; path = Info.plist; sourceTree = "<group>"; };
/* End PBXFileReference section */

/* Begin PBXFrameworksBuildPhase section */
		FB0D7AE2236B9AE1003B1A26 /* Frameworks */ = {
			isa = PBXFrameworksBuildPhase;
			buildActionMask = 2147483647;
			files = (
			);
			runOnlyForDeploymentPostprocessing = 0;
		};
		FB0D7AF8236B9AFB003B1A26 /* Frameworks */ = {
			isa = PBXFrameworksBuildPhase;
			buildActionMask = 2147483647;
			files = (
			);
			runOnlyForDeploymentPostprocessing = 0;
		};
		FB0D7B03236B9AFB003B1A26 /* Frameworks */ = {
			isa = PBXFrameworksBuildPhase;
			buildActionMask = 2147483647;
			files = (
			);
			runOnlyForDeploymentPostprocessing = 0;
		};
/* End PBXFrameworksBuildPhase section */

/* Begin PBXGroup section */
		FB0D7ADC236B9AE1003B1A26 = {
			isa = PBXGroup;
			children = (
				FB0D7AE7236B9AE1003B1A26 /* SBiOS_m6_3 */,
				FB0D7AFE236B9AFB003B1A26 /* SBiOS_m6_3Tests */,
				FB0D7B09236B9AFB003B1A26 /* SBiOS_m6_3UITests */,
				FB0D7AE6236B9AE1003B1A26 /* Products */,
			);
			sourceTree = "<group>";
		};
		FB0D7AE6236B9AE1003B1A26 /* Products */ = {
			isa = PBXGroup;
			children = (
				FB0D7AE5236B9AE1003B1A26 /* SBiOS_m6_3.app */,
				FB0D7AFB236B9AFB003B1A26 /* SBiOS_m6_3Tests.xctest */,
				FB0D7B06236B9AFB003B1A26 /* SBiOS_m6_3UITests.xctest */,
			);
			name = Products;
			sourceTree = "<group>";
		};
		FB0D7AE7236B9AE1003B1A26 /* SBiOS_m6_3 */ = {
			isa = PBXGroup;
			children = (
				FB0D7AE8236B9AE1003B1A26 /* AppDelegate.swift */,
				FB0D7AEA236B9AE1003B1A26 /* SceneDelegate.swift */,
				FB0D7AEC236B9AE1003B1A26 /* ViewController.swift */,
				FB0D7AEE236B9AE1003B1A26 /* Main.storyboard */,
				FB0D7AF1236B9AFB003B1A26 /* Assets.xcassets */,
				FB0D7AF3236B9AFB003B1A26 /* LaunchScreen.storyboard */,
				FB0D7AF6236B9AFB003B1A26 /* Info.plist */,
			);
			path = SBiOS_m6_3;
			sourceTree = "<group>";
		};
		FB0D7AFE236B9AFB003B1A26 /* SBiOS_m6_3Tests */ = {
			isa = PBXGroup;
			children = (
				FB0D7AFF236B9AFB003B1A26 /* SBiOS_m6_3Tests.swift */,
				FB0D7B01236B9AFB003B1A26 /* Info.plist */,
			);
			path = SBiOS_m6_3Tests;
			sourceTree = "<group>";
		};
		FB0D7B09236B9AFB003B1A26 /* SBiOS_m6_3UITests */ = {
			isa = PBXGroup;
			children = (
				FB0D7B0A236B9AFC003B1A26 /* SBiOS_m6_3UITests.swift */,
				FB0D7B0C236B9AFC003B1A26 /* Info.plist */,
			);
			path = SBiOS_m6_3UITests;
			sourceTree = "<group>";
		};
/* End PBXGroup section */

/* Begin PBXNativeTarget section */
		FB0D7AE4236B9AE1003B1A26 /* SBiOS_m6_3 */ = {
			isa = PBXNativeTarget;
			buildConfigurationList = FB0D7B0F236B9AFC003B1A26 /* Build configuration list for PBXNativeTarget "SBiOS_m6_3" */;
			buildPhases = (
				FB0D7AE1236B9AE1003B1A26 /* Sources */,
				FB0D7AE2236B9AE1003B1A26 /* Frameworks */,
				FB0D7AE3236B9AE1003B1A26 /* Resources */,
			);
			buildRules = (
			);
			dependencies = (
			);
			name = SBiOS_m6_3;
			productName = SBiOS_m6_3;
			productReference = FB0D7AE5236B9AE1003B1A26 /* SBiOS_m6_3.app */;
			productType = "com.apple.product-type.application";
		};
		FB0D7AFA236B9AFB003B1A26 /* SBiOS_m6_3Tests */ = {
			isa = PBXNativeTarget;
			buildConfigurationList = FB0D7B12236B9AFC003B1A26 /* Build configuration list for PBXNativeTarget "SBiOS_m6_3Tests" */;
			buildPhases = (
				FB0D7AF7236B9AFB003B1A26 /* Sources */,
				FB0D7AF8236B9AFB003B1A26 /* Frameworks */,
				FB0D7AF9236B9AFB003B1A26 /* Resources */,
			);
			buildRules = (
			);
			dependencies = (
				FB0D7AFD236B9AFB003B1A26 /* PBXTargetDependency */,
			);
			name = SBiOS_m6_3Tests;
			productName = SBiOS_m6_3Tests;
			productReference = FB0D7AFB236B9AFB003B1A26 /* SBiOS_m6_3Tests.xctest */;
			productType = "com.apple.product-type.bundle.unit-test";
		};
		FB0D7B05236B9AFB003B1A26 /* SBiOS_m6_3UITests */ = {
			isa = PBXNativeTarget;
			buildConfigurationList = FB0D7B15236B9AFC003B1A26 /* Build configuration list for PBXNativeTarget "SBiOS_m6_3UITests" */;
			buildPhases = (
				FB0D7B02236B9AFB003B1A26 /* Sources */,
				FB0D7B03236B9AFB003B1A26 /* Frameworks */,
				FB0D7B04236B9AFB003B1A26 /* Resources */,
			);
			buildRules = (
			);
			dependencies = (
				FB0D7B08236B9AFB003B1A26 /* PBXTargetDependency */,
			);
			name = SBiOS_m6_3UITests;
			productName = SBiOS_m6_3UITests;
			productReference = FB0D7B06236B9AFB003B1A26 /* SBiOS_m6_3UITests.xctest */;
			productType = "com.apple.product-type.bundle.ui-testing";
		};
/* End PBXNativeTarget section */

/* Begin PBXProject section */
		FB0D7ADD236B9AE1003B1A26 /* Project object */ = {
			isa = PBXProject;
			attributes = {
				LastSwiftUpdateCheck = 1110;
				LastUpgradeCheck = 1110;
				ORGANIZATIONNAME = watchingcarsgoby;
				TargetAttributes = {
					FB0D7AE4236B9AE1003B1A26 = {
						CreatedOnToolsVersion = 11.1;
					};
					FB0D7AFA236B9AFB003B1A26 = {
						CreatedOnToolsVersion = 11.1;
						TestTargetID = FB0D7AE4236B9AE1003B1A26;
					};
					FB0D7B05236B9AFB003B1A26 = {
						CreatedOnToolsVersion = 11.1;
						TestTargetID = FB0D7AE4236B9AE1003B1A26;
					};
				};
			};
			buildConfigurationList = FB0D7AE0236B9AE1003B1A26 /* Build configuration list for PBXProject "SBiOS_m6_3" */;
			compatibilityVersion = "Xcode 9.3";
			developmentRegion = en;
			hasScannedForEncodings = 0;
			knownRegions = (
				en,
				Base,
			);
			mainGroup = FB0D7ADC236B9AE1003B1A26;
			productRefGroup = FB0D7AE6236B9AE1003B1A26 /* Products */;
			projectDirPath = "";
			projectRoot = "";
			targets = (
				FB0D7AE4236B9AE1003B1A26 /* SBiOS_m6_3 */,
				FB0D7AFA236B9AFB003B1A26 /* SBiOS_m6_3Tests */,
				FB0D7B05236B9AFB003B1A26 /* SBiOS_m6_3UITests */,
			);
		};
/* End PBXProject section */

/* Begin PBXResourcesBuildPhase section */
		FB0D7AE3236B9AE1003B1A26 /* Resources */ = {
			isa = PBXResourcesBuildPhase;
			buildActionMask = 2147483647;
			files = (
				FB0D7AF5236B9AFB003B1A26 /* LaunchScreen.storyboard in Resources */,
				FB0D7AF2236B9AFB003B1A26 /* Assets.xcassets in Resources */,
				FB0D7AF0236B9AE1003B1A26 /* Main.storyboard in Resources */,
			);
			runOnlyForDeploymentPostprocessing = 0;
		};
		FB0D7AF9236B9AFB003B1A26 /* Resources */ = {
			isa = PBXResourcesBuildPhase;
			buildActionMask = 2147483647;
			files = (
			);
			runOnlyForDeploymentPostprocessing = 0;
		};
		FB0D7B04236B9AFB003B1A26 /* Resources */ = {
			isa = PBXResourcesBuildPhase;
			buildActionMask = 2147483647;
			files = (
			);
			runOnlyForDeploymentPostprocessing = 0;
		};
/* End PBXResourcesBuildPhase section */

/* Begin PBXSourcesBuildPhase section */
		FB0D7AE1236B9AE1003B1A26 /* Sources */ = {
			isa = PBXSourcesBuildPhase;
			buildActionMask = 2147483647;
			files = (
				FB0D7AED236B9AE1003B1A26 /* ViewController.swift in Sources */,
				FB0D7AE9236B9AE1003B1A26 /* AppDelegate.swift in Sources */,
				FB0D7AEB236B9AE1003B1A26 /* SceneDelegate.swift in Sources */,
			);
			runOnlyForDeploymentPostprocessing = 0;
		};
		FB0D7AF7236B9AFB003B1A26 /* Sources */ = {
			isa = PBXSourcesBuildPhase;
			buildActionMask = 2147483647;
			files = (
				FB0D7B00236B9AFB003B1A26 /* SBiOS_m6_3Tests.swift in Sources */,
			);
			runOnlyForDeploymentPostprocessing = 0;
		};
		FB0D7B02236B9AFB003B1A26 /* Sources */ = {
			isa = PBXSourcesBuildPhase;
			buildActionMask = 2147483647;
			files = (
				FB0D7B0B236B9AFC003B1A26 /* SBiOS_m6_3UITests.swift in Sources */,
			);
			runOnlyForDeploymentPostprocessing = 0;
		};
/* End PBXSourcesBuildPhase section */

/* Begin PBXTargetDependency section */
		FB0D7AFD236B9AFB003B1A26 /* PBXTargetDependency */ = {
			isa = PBXTargetDependency;
			target = FB0D7AE4236B9AE1003B1A26 /* SBiOS_m6_3 */;
			targetProxy = FB0D7AFC236B9AFB003B1A26 /* PBXContainerItemProxy */;
		};
		FB0D7B08236B9AFB003B1A26 /* PBXTargetDependency */ = {
			isa = PBXTargetDependency;
			target = FB0D7AE4236B9AE1003B1A26 /* SBiOS_m6_3 */;
			targetProxy = FB0D7B07236B9AFB003B1A26 /* PBXContainerItemProxy */;
		};
/* End PBXTargetDependency section */

/* Begin PBXVariantGroup section */
		FB0D7AEE236B9AE1003B1A26 /* Main.storyboard */ = {
			isa = PBXVariantGroup;
			children = (
				FB0D7AEF236B9AE1003B1A26 /* Base */,
			);
			name = Main.storyboard;
			sourceTree = "<group>";
		};
		FB0D7AF3236B9AFB003B1A26 /* LaunchScreen.storyboard */ = {
			isa = PBXVariantGroup;
			children = (
				FB0D7AF4236B9AFB003B1A26 /* Base */,
			);
			name = LaunchScreen.storyboard;
			sourceTree = "<group>";
		};
/* End PBXVariantGroup section */

/* Begin XCBuildConfiguration section */
		FB0D7B0D236B9AFC003B1A26 /* Debug */ = {
			isa = XCBuildConfiguration;
			buildSettings = {
				ALWAYS_SEARCH_USER_PATHS = NO;
				CLANG_ANALYZER_NONNULL = YES;
				CLANG_ANALYZER_NUMBER_OBJECT_CONVERSION = YES_AGGRESSIVE;
				CLANG_CXX_LANGUAGE_STANDARD = "gnu++14";
				CLANG_CXX_LIBRARY = "libc++";
				CLANG_ENABLE_MODULES = YES;
				CLANG_ENABLE_OBJC_ARC = YES;
				CLANG_ENABLE_OBJC_WEAK = YES;
				CLANG_WARN_BLOCK_CAPTURE_AUTORELEASING = YES;
				CLANG_WARN_BOOL_CONVERSION = YES;
				CLANG_WARN_COMMA = YES;
				CLANG_WARN_CONSTANT_CONVERSION = YES;
				CLANG_WARN_DEPRECATED_OBJC_IMPLEMENTATIONS = YES;
				CLANG_WARN_DIRECT_OBJC_ISA_USAGE = YES_ERROR;
				CLANG_WARN_DOCUMENTATION_COMMENTS = YES;
				CLANG_WARN_EMPTY_BODY = YES;
				CLANG_WARN_ENUM_CONVERSION = YES;
				CLANG_WARN_INFINITE_RECURSION = YES;
				CLANG_WARN_INT_CONVERSION = YES;
				CLANG_WARN_NON_LITERAL_NULL_CONVERSION = YES;
				CLANG_WARN_OBJC_IMPLICIT_RETAIN_SELF = YES;
				CLANG_WARN_OBJC_LITERAL_CONVERSION = YES;
				CLANG_WARN_OBJC_ROOT_CLASS = YES_ERROR;
				CLANG_WARN_RANGE_LOOP_ANALYSIS = YES;
				CLANG_WARN_STRICT_PROTOTYPES = YES;
				CLANG_WARN_SUSPICIOUS_MOVE = YES;
				CLANG_WARN_UNGUARDED_AVAILABILITY = YES_AGGRESSIVE;
				CLANG_WARN_UNREACHABLE_CODE = YES;
				CLANG_WARN__DUPLICATE_METHOD_MATCH = YES;
				COPY_PHASE_STRIP = NO;
				DEBUG_INFORMATION_FORMAT = dwarf;
				ENABLE_STRICT_OBJC_MSGSEND = YES;
				ENABLE_TESTABILITY = YES;
				GCC_C_LANGUAGE_STANDARD = gnu11;
				GCC_DYNAMIC_NO_PIC = NO;
				GCC_NO_COMMON_BLOCKS = YES;
				GCC_OPTIMIZATION_LEVEL = 0;
				GCC_PREPROCESSOR_DEFINITIONS = (
					"DEBUG=1",
					"$(inherited)",
				);
				GCC_WARN_64_TO_32_BIT_CONVERSION = YES;
				GCC_WARN_ABOUT_RETURN_TYPE = YES_ERROR;
				GCC_WARN_UNDECLARED_SELECTOR = YES;
				GCC_WARN_UNINITIALIZED_AUTOS = YES_AGGRESSIVE;
				GCC_WARN_UNUSED_FUNCTION = YES;
				GCC_WARN_UNUSED_VARIABLE = YES;
				IPHONEOS_DEPLOYMENT_TARGET = 13.1;
				MTL_ENABLE_DEBUG_INFO = INCLUDE_SOURCE;
				MTL_FAST_MATH = YES;
				ONLY_ACTIVE_ARCH = YES;
				SDKROOT = iphoneos;
				SWIFT_ACTIVE_COMPILATION_CONDITIONS = DEBUG;
				SWIFT_OPTIMIZATION_LEVEL = "-Onone";
			};
			name = Debug;
		};
		FB0D7B0E236B9AFC003B1A26 /* Release */ = {
			isa = XCBuildConfiguration;
			buildSettings = {
				ALWAYS_SEARCH_USER_PATHS = NO;
				CLANG_ANALYZER_NONNULL = YES;
				CLANG_ANALYZER_NUMBER_OBJECT_CONVERSION = YES_AGGRESSIVE;
				CLANG_CXX_LANGUAGE_STANDARD = "gnu++14";
				CLANG_CXX_LIBRARY = "libc++";
				CLANG_ENABLE_MODULES = YES;
				CLANG_ENABLE_OBJC_ARC = YES;
				CLANG_ENABLE_OBJC_WEAK = YES;
				CLANG_WARN_BLOCK_CAPTURE_AUTORELEASING = YES;
				CLANG_WARN_BOOL_CONVERSION = YES;
				CLANG_WARN_COMMA = YES;
				CLANG_WARN_CONSTANT_CONVERSION = YES;
				CLANG_WARN_DEPRECATED_OBJC_IMPLEMENTATIONS = YES;
				CLANG_WARN_DIRECT_OBJC_ISA_USAGE = YES_ERROR;
				CLANG_WARN_DOCUMENTATION_COMMENTS = YES;
				CLANG_WARN_EMPTY_BODY = YES;
				CLANG_WARN_ENUM_CONVERSION = YES;
				CLANG_WARN_INFINITE_RECURSION = YES;
				CLANG_WARN_INT_CONVERSION = YES;
				CLANG_WARN_NON_LITERAL_NULL_CONVERSION = YES;
				CLANG_WARN_OBJC_IMPLICIT_RETAIN_SELF = YES;
				CLANG_WARN_OBJC_LITERAL_CONVERSION = YES;
				CLANG_WARN_OBJC_ROOT_CLASS = YES_ERROR;
				CLANG_WARN_RANGE_LOOP_ANALYSIS = YES;
				CLANG_WARN_STRICT_PROTOTYPES = YES;
				CLANG_WARN_SUSPICIOUS_MOVE = YES;
				CLANG_WARN_UNGUARDED_AVAILABILITY = YES_AGGRESSIVE;
				CLANG_WARN_UNREACHABLE_CODE = YES;
				CLANG_WARN__DUPLICATE_METHOD_MATCH = YES;
				COPY_PHASE_STRIP = NO;
				DEBUG_INFORMATION_FORMAT = "dwarf-with-dsym";
				ENABLE_NS_ASSERTIONS = NO;
				ENABLE_STRICT_OBJC_MSGSEND = YES;
				GCC_C_LANGUAGE_STANDARD = gnu11;
				GCC_NO_COMMON_BLOCKS = YES;
				GCC_WARN_64_TO_32_BIT_CONVERSION = YES;
				GCC_WARN_ABOUT_RETURN_TYPE = YES_ERROR;
				GCC_WARN_UNDECLARED_SELECTOR = YES;
				GCC_WARN_UNINITIALIZED_AUTOS = YES_AGGRESSIVE;
				GCC_WARN_UNUSED_FUNCTION = YES;
				GCC_WARN_UNUSED_VARIABLE = YES;
				IPHONEOS_DEPLOYMENT_TARGET = 13.1;
				MTL_ENABLE_DEBUG_INFO = NO;
				MTL_FAST_MATH = YES;
				SDKROOT = iphoneos;
				SWIFT_COMPILATION_MODE = wholemodule;
				SWIFT_OPTIMIZATION_LEVEL = "-O";
				VALIDATE_PRODUCT = YES;
			};
			name = Release;
		};
		FB0D7B10236B9AFC003B1A26 /* Debug */ = {
			isa = XCBuildConfiguration;
			buildSettings = {
				ASSETCATALOG_COMPILER_APPICON_NAME = AppIcon;
				CODE_SIGN_STYLE = Automatic;
				DEVELOPMENT_TEAM = FH9R39U9P3;
				INFOPLIST_FILE = SBiOS_m6_3/Info.plist;
				LD_RUNPATH_SEARCH_PATHS = (
					"$(inherited)",
					"@executable_path/Frameworks",
				);
				PRODUCT_BUNDLE_IDENTIFIER = "wcgb.SBiOS-m6-3";
				PRODUCT_NAME = "$(TARGET_NAME)";
				SWIFT_VERSION = 5.0;
				TARGETED_DEVICE_FAMILY = "1,2";
			};
			name = Debug;
		};
		FB0D7B11236B9AFC003B1A26 /* Release */ = {
			isa = XCBuildConfiguration;
			buildSettings = {
				ASSETCATALOG_COMPILER_APPICON_NAME = AppIcon;
				CODE_SIGN_STYLE = Automatic;
				DEVELOPMENT_TEAM = FH9R39U9P3;
				INFOPLIST_FILE = SBiOS_m6_3/Info.plist;
				LD_RUNPATH_SEARCH_PATHS = (
					"$(inherited)",
					"@executable_path/Frameworks",
				);
				PRODUCT_BUNDLE_IDENTIFIER = "wcgb.SBiOS-m6-3";
				PRODUCT_NAME = "$(TARGET_NAME)";
				SWIFT_VERSION = 5.0;
				TARGETED_DEVICE_FAMILY = "1,2";
			};
			name = Release;
		};
		FB0D7B13236B9AFC003B1A26 /* Debug */ = {
			isa = XCBuildConfiguration;
			buildSettings = {
				ALWAYS_EMBED_SWIFT_STANDARD_LIBRARIES = YES;
				BUNDLE_LOADER = "$(TEST_HOST)";
				CODE_SIGN_STYLE = Automatic;
				DEVELOPMENT_TEAM = FH9R39U9P3;
				INFOPLIST_FILE = SBiOS_m6_3Tests/Info.plist;
				IPHONEOS_DEPLOYMENT_TARGET = 13.1;
				LD_RUNPATH_SEARCH_PATHS = (
					"$(inherited)",
					"@executable_path/Frameworks",
					"@loader_path/Frameworks",
				);
				PRODUCT_BUNDLE_IDENTIFIER = "wcgb.SBiOS-m6-3Tests";
				PRODUCT_NAME = "$(TARGET_NAME)";
				SWIFT_VERSION = 5.0;
				TARGETED_DEVICE_FAMILY = "1,2";
				TEST_HOST = "$(BUILT_PRODUCTS_DIR)/SBiOS_m6_3.app/SBiOS_m6_3";
			};
			name = Debug;
		};
		FB0D7B14236B9AFC003B1A26 /* Release */ = {
			isa = XCBuildConfiguration;
			buildSettings = {
				ALWAYS_EMBED_SWIFT_STANDARD_LIBRARIES = YES;
				BUNDLE_LOADER = "$(TEST_HOST)";
				CODE_SIGN_STYLE = Automatic;
				DEVELOPMENT_TEAM = FH9R39U9P3;
				INFOPLIST_FILE = SBiOS_m6_3Tests/Info.plist;
				IPHONEOS_DEPLOYMENT_TARGET = 13.1;
				LD_RUNPATH_SEARCH_PATHS = (
					"$(inherited)",
					"@executable_path/Frameworks",
					"@loader_path/Frameworks",
				);
				PRODUCT_BUNDLE_IDENTIFIER = "wcgb.SBiOS-m6-3Tests";
				PRODUCT_NAME = "$(TARGET_NAME)";
				SWIFT_VERSION = 5.0;
				TARGETED_DEVICE_FAMILY = "1,2";
				TEST_HOST = "$(BUILT_PRODUCTS_DIR)/SBiOS_m6_3.app/SBiOS_m6_3";
			};
			name = Release;
		};
		FB0D7B16236B9AFC003B1A26 /* Debug */ = {
			isa = XCBuildConfiguration;
			buildSettings = {
				ALWAYS_EMBED_SWIFT_STANDARD_LIBRARIES = YES;
				CODE_SIGN_STYLE = Automatic;
				DEVELOPMENT_TEAM = FH9R39U9P3;
				INFOPLIST_FILE = SBiOS_m6_3UITests/Info.plist;
				LD_RUNPATH_SEARCH_PATHS = (
					"$(inherited)",
					"@executable_path/Frameworks",
					"@loader_path/Frameworks",
				);
				PRODUCT_BUNDLE_IDENTIFIER = "wcgb.SBiOS-m6-3UITests";
				PRODUCT_NAME = "$(TARGET_NAME)";
				SWIFT_VERSION = 5.0;
				TARGETED_DEVICE_FAMILY = "1,2";
				TEST_TARGET_NAME = SBiOS_m6_3;
			};
			name = Debug;
		};
		FB0D7B17236B9AFC003B1A26 /* Release */ = {
			isa = XCBuildConfiguration;
			buildSettings = {
				ALWAYS_EMBED_SWIFT_STANDARD_LIBRARIES = YES;
				CODE_SIGN_STYLE = Automatic;
				DEVELOPMENT_TEAM = FH9R39U9P3;
				INFOPLIST_FILE = SBiOS_m6_3UITests/Info.plist;
				LD_RUNPATH_SEARCH_PATHS = (
					"$(inherited)",
					"@executable_path/Frameworks",
					"@loader_path/Frameworks",
				);
				PRODUCT_BUNDLE_IDENTIFIER = "wcgb.SBiOS-m6-3UITests";
				PRODUCT_NAME = "$(TARGET_NAME)";
				SWIFT_VERSION = 5.0;
				TARGETED_DEVICE_FAMILY = "1,2";
				TEST_TARGET_NAME = SBiOS_m6_3;
			};
			name = Release;
		};
/* End XCBuildConfiguration section */

/* Begin XCConfigurationList section */
		FB0D7AE0236B9AE1003B1A26 /* Build configuration list for PBXProject "SBiOS_m6_3" */ = {
			isa = XCConfigurationList;
			buildConfigurations = (
				FB0D7B0D236B9AFC003B1A26 /* Debug */,
				FB0D7B0E236B9AFC003B1A26 /* Release */,
			);
			defaultConfigurationIsVisible = 0;
			defaultConfigurationName = Release;
		};
		FB0D7B0F236B9AFC003B1A26 /* Build configuration list for PBXNativeTarget "SBiOS_m6_3" */ = {
			isa = XCConfigurationList;
			buildConfigurations = (
				FB0D7B10236B9AFC003B1A26 /* Debug */,
				FB0D7B11236B9AFC003B1A26 /* Release */,
			);
			defaultConfigurationIsVisible = 0;
			defaultConfigurationName = Release;
		};
		FB0D7B12236B9AFC003B1A26 /* Build configuration list for PBXNativeTarget "SBiOS_m6_3Tests" */ = {
			isa = XCConfigurationList;
			buildConfigurations = (
				FB0D7B13236B9AFC003B1A26 /* Debug */,
				FB0D7B14236B9AFC003B1A26 /* Release */,
			);
			defaultConfigurationIsVisible = 0;
			defaultConfigurationName = Release;
		};
		FB0D7B15236B9AFC003B1A26 /* Build configuration list for PBXNativeTarget "SBiOS_m6_3UITests" */ = {
			isa = XCConfigurationList;
			buildConfigurations = (
				FB0D7B16236B9AFC003B1A26 /* Debug */,
				FB0D7B17236B9AFC003B1A26 /* Release */,
			);
			defaultConfigurationIsVisible = 0;
			defaultConfigurationName = Release;
		};
/* End XCConfigurationList section */
	};
	rootObject = FB0D7ADD236B9AE1003B1A26 /* Project object */;
}
