// !$*UTF8*$!
{
	archiveVersion = 1;
	classes = {
	};
	objectVersion = 50;
	objects = {

/* Begin PBXBuildFile section */
		3F5CE0CA23A4406900A3DC79 /* SegmentedViewController.swift in Sources */ = {isa = PBXBuildFile; fileRef = 3F5CE0C923A4406900A3DC79 /* SegmentedViewController.swift */; };
		FB64AB4E2395744E00F0C7E7 /* UIGridViewController.swift in Sources */ = {isa = PBXBuildFile; fileRef = FB64AB4D2395744E00F0C7E7 /* UIGridViewController.swift */; };
		FB8082C623947AF500BDB351 /* spiral_galaxy_4-wallpaper-2880x1800.jpg in Resources */ = {isa = PBXBuildFile; fileRef = FB8082C523947AF500BDB351 /* spiral_galaxy_4-wallpaper-2880x1800.jpg */; };
		FB861A0B23906C6D00B52CB4 /* AppDelegate.swift in Sources */ = {isa = PBXBuildFile; fileRef = FB861A0A23906C6D00B52CB4 /* AppDelegate.swift */; };
		FB861A0D23906C6D00B52CB4 /* SceneDelegate.swift in Sources */ = {isa = PBXBuildFile; fileRef = FB861A0C23906C6D00B52CB4 /* SceneDelegate.swift */; };
		FB861A0F23906C6D00B52CB4 /* ViewController.swift in Sources */ = {isa = PBXBuildFile; fileRef = FB861A0E23906C6D00B52CB4 /* ViewController.swift */; };
		FB861A1223906C6D00B52CB4 /* Main.storyboard in Resources */ = {isa = PBXBuildFile; fileRef = FB861A1023906C6D00B52CB4 /* Main.storyboard */; };
		FB861A1423906C7F00B52CB4 /* Assets.xcassets in Resources */ = {isa = PBXBuildFile; fileRef = FB861A1323906C7F00B52CB4 /* Assets.xcassets */; };
		FB861A1723906C7F00B52CB4 /* LaunchScreen.storyboard in Resources */ = {isa = PBXBuildFile; fileRef = FB861A1523906C7F00B52CB4 /* LaunchScreen.storyboard */; };
		FB861A3C23906F5D00B52CB4 /* 13597685_1224449080939233_1667780838_n.jpg in Resources */ = {isa = PBXBuildFile; fileRef = FB861A3323906F5C00B52CB4 /* 13597685_1224449080939233_1667780838_n.jpg */; };
		FB861A3D23906F5D00B52CB4 /* milky_way_galaxy_2-wallpaper-2560x1440.jpg in Resources */ = {isa = PBXBuildFile; fileRef = FB861A3423906F5C00B52CB4 /* milky_way_galaxy_2-wallpaper-2560x1440.jpg */; };
		FB861A3E23906F5D00B52CB4 /* 18013966_1880709232217036_4408452903329595392_n.jpg in Resources */ = {isa = PBXBuildFile; fileRef = FB861A3523906F5C00B52CB4 /* 18013966_1880709232217036_4408452903329595392_n.jpg */; };
		FB861A3F23906F5D00B52CB4 /* big_bang-wallpaper-1920x1080.jpg in Resources */ = {isa = PBXBuildFile; fileRef = FB861A3623906F5C00B52CB4 /* big_bang-wallpaper-1920x1080.jpg */; };
		FB861A4023906F5D00B52CB4 /* 19984512_112240686076423_2296686731644108800_n.jpg in Resources */ = {isa = PBXBuildFile; fileRef = FB861A3723906F5C00B52CB4 /* 19984512_112240686076423_2296686731644108800_n.jpg */; };
		FB861A4123906F5D00B52CB4 /* galaxy_4-wallpaper-1920x1080.jpg in Resources */ = {isa = PBXBuildFile; fileRef = FB861A3823906F5C00B52CB4 /* galaxy_4-wallpaper-1920x1080.jpg */; };
		FB861A4223906F5D00B52CB4 /* 24125526_322142304859750_2525012334175322112_n.jpg in Resources */ = {isa = PBXBuildFile; fileRef = FB861A3923906F5C00B52CB4 /* 24125526_322142304859750_2525012334175322112_n.jpg */; };
		FB861A4323906F5D00B52CB4 /* 35506987_268988417178706_474661742396309504_n.jpg in Resources */ = {isa = PBXBuildFile; fileRef = FB861A3A23906F5C00B52CB4 /* 35506987_268988417178706_474661742396309504_n.jpg */; };
		FB861A4423906F5D00B52CB4 /* galaxy_explosion-wallpaper-1920x1080.jpg in Resources */ = {isa = PBXBuildFile; fileRef = FB861A3B23906F5C00B52CB4 /* galaxy_explosion-wallpaper-1920x1080.jpg */; };
/* End PBXBuildFile section */

/* Begin PBXFileReference section */
		3F5CE0C923A4406900A3DC79 /* SegmentedViewController.swift */ = {isa = PBXFileReference; lastKnownFileType = sourcecode.swift; path = SegmentedViewController.swift; sourceTree = "<group>"; };
		FB64AB4D2395744E00F0C7E7 /* UIGridViewController.swift */ = {isa = PBXFileReference; lastKnownFileType = sourcecode.swift; path = UIGridViewController.swift; sourceTree = "<group>"; };
		FB8082C523947AF500BDB351 /* spiral_galaxy_4-wallpaper-2880x1800.jpg */ = {isa = PBXFileReference; lastKnownFileType = image.jpeg; path = "spiral_galaxy_4-wallpaper-2880x1800.jpg"; sourceTree = "<group>"; };
		FB861A0723906C6D00B52CB4 /* SBiOS_m8_dz.app */ = {isa = PBXFileReference; explicitFileType = wrapper.application; includeInIndex = 0; path = SBiOS_m8_dz.app; sourceTree = BUILT_PRODUCTS_DIR; };
		FB861A0A23906C6D00B52CB4 /* AppDelegate.swift */ = {isa = PBXFileReference; lastKnownFileType = sourcecode.swift; path = AppDelegate.swift; sourceTree = "<group>"; };
		FB861A0C23906C6D00B52CB4 /* SceneDelegate.swift */ = {isa = PBXFileReference; lastKnownFileType = sourcecode.swift; path = SceneDelegate.swift; sourceTree = "<group>"; };
		FB861A0E23906C6D00B52CB4 /* ViewController.swift */ = {isa = PBXFileReference; lastKnownFileType = sourcecode.swift; path = ViewController.swift; sourceTree = "<group>"; };
		FB861A1123906C6D00B52CB4 /* Base */ = {isa = PBXFileReference; lastKnownFileType = file.storyboard; name = Base; path = Base.lproj/Main.storyboard; sourceTree = "<group>"; };
		FB861A1323906C7F00B52CB4 /* Assets.xcassets */ = {isa = PBXFileReference; lastKnownFileType = folder.assetcatalog; path = Assets.xcassets; sourceTree = "<group>"; };
		FB861A1623906C7F00B52CB4 /* Base */ = {isa = PBXFileReference; lastKnownFileType = file.storyboard; name = Base; path = Base.lproj/LaunchScreen.storyboard; sourceTree = "<group>"; };
		FB861A1823906C7F00B52CB4 /* Info.plist */ = {isa = PBXFileReference; lastKnownFileType = text.plist.xml; path = Info.plist; sourceTree = "<group>"; };
		FB861A3323906F5C00B52CB4 /* 13597685_1224449080939233_1667780838_n.jpg */ = {isa = PBXFileReference; lastKnownFileType = image.jpeg; path = 13597685_1224449080939233_1667780838_n.jpg; sourceTree = "<group>"; };
		FB861A3423906F5C00B52CB4 /* milky_way_galaxy_2-wallpaper-2560x1440.jpg */ = {isa = PBXFileReference; lastKnownFileType = image.jpeg; path = "milky_way_galaxy_2-wallpaper-2560x1440.jpg"; sourceTree = "<group>"; };
		FB861A3523906F5C00B52CB4 /* 18013966_1880709232217036_4408452903329595392_n.jpg */ = {isa = PBXFileReference; lastKnownFileType = image.jpeg; path = 18013966_1880709232217036_4408452903329595392_n.jpg; sourceTree = "<group>"; };
		FB861A3623906F5C00B52CB4 /* big_bang-wallpaper-1920x1080.jpg */ = {isa = PBXFileReference; lastKnownFileType = image.jpeg; path = "big_bang-wallpaper-1920x1080.jpg"; sourceTree = "<group>"; };
		FB861A3723906F5C00B52CB4 /* 19984512_112240686076423_2296686731644108800_n.jpg */ = {isa = PBXFileReference; lastKnownFileType = image.jpeg; path = 19984512_112240686076423_2296686731644108800_n.jpg; sourceTree = "<group>"; };
		FB861A3823906F5C00B52CB4 /* galaxy_4-wallpaper-1920x1080.jpg */ = {isa = PBXFileReference; lastKnownFileType = image.jpeg; path = "galaxy_4-wallpaper-1920x1080.jpg"; sourceTree = "<group>"; };
		FB861A3923906F5C00B52CB4 /* 24125526_322142304859750_2525012334175322112_n.jpg */ = {isa = PBXFileReference; lastKnownFileType = image.jpeg; path = 24125526_322142304859750_2525012334175322112_n.jpg; sourceTree = "<group>"; };
		FB861A3A23906F5C00B52CB4 /* 35506987_268988417178706_474661742396309504_n.jpg */ = {isa = PBXFileReference; lastKnownFileType = image.jpeg; path = 35506987_268988417178706_474661742396309504_n.jpg; sourceTree = "<group>"; };
		FB861A3B23906F5C00B52CB4 /* galaxy_explosion-wallpaper-1920x1080.jpg */ = {isa = PBXFileReference; lastKnownFileType = image.jpeg; path = "galaxy_explosion-wallpaper-1920x1080.jpg"; sourceTree = "<group>"; };
/* End PBXFileReference section */

/* Begin PBXFrameworksBuildPhase section */
		FB861A0423906C6D00B52CB4 /* Frameworks */ = {
			isa = PBXFrameworksBuildPhase;
			buildActionMask = 2147483647;
			files = (
			);
			runOnlyForDeploymentPostprocessing = 0;
		};
/* End PBXFrameworksBuildPhase section */

/* Begin PBXGroup section */
		FB8619FE23906C6C00B52CB4 = {
			isa = PBXGroup;
			children = (
				FB861A0923906C6D00B52CB4 /* SBiOS_m8_dz */,
				FB861A0823906C6D00B52CB4 /* Products */,
			);
			sourceTree = "<group>";
		};
		FB861A0823906C6D00B52CB4 /* Products */ = {
			isa = PBXGroup;
			children = (
				FB861A0723906C6D00B52CB4 /* SBiOS_m8_dz.app */,
			);
			name = Products;
			sourceTree = "<group>";
		};
		FB861A0923906C6D00B52CB4 /* SBiOS_m8_dz */ = {
			isa = PBXGroup;
			children = (
				FB861A0A23906C6D00B52CB4 /* AppDelegate.swift */,
				FB861A0C23906C6D00B52CB4 /* SceneDelegate.swift */,
				FB861A0E23906C6D00B52CB4 /* ViewController.swift */,
				FB64AB4D2395744E00F0C7E7 /* UIGridViewController.swift */,
				FB861A1023906C6D00B52CB4 /* Main.storyboard */,
				3F5CE0C923A4406900A3DC79 /* SegmentedViewController.swift */,
				FB861A1323906C7F00B52CB4 /* Assets.xcassets */,
				FB861A3223906F5C00B52CB4 /* images */,
				FB861A1523906C7F00B52CB4 /* LaunchScreen.storyboard */,
				FB861A1823906C7F00B52CB4 /* Info.plist */,
			);
			path = SBiOS_m8_dz;
			sourceTree = "<group>";
		};
		FB861A3223906F5C00B52CB4 /* images */ = {
			isa = PBXGroup;
			children = (
				FB861A3323906F5C00B52CB4 /* 13597685_1224449080939233_1667780838_n.jpg */,
				FB861A3423906F5C00B52CB4 /* milky_way_galaxy_2-wallpaper-2560x1440.jpg */,
				FB861A3523906F5C00B52CB4 /* 18013966_1880709232217036_4408452903329595392_n.jpg */,
				FB861A3623906F5C00B52CB4 /* big_bang-wallpaper-1920x1080.jpg */,
				FB861A3723906F5C00B52CB4 /* 19984512_112240686076423_2296686731644108800_n.jpg */,
				FB861A3823906F5C00B52CB4 /* galaxy_4-wallpaper-1920x1080.jpg */,
				FB861A3923906F5C00B52CB4 /* 24125526_322142304859750_2525012334175322112_n.jpg */,
				FB861A3A23906F5C00B52CB4 /* 35506987_268988417178706_474661742396309504_n.jpg */,
				FB861A3B23906F5C00B52CB4 /* galaxy_explosion-wallpaper-1920x1080.jpg */,
				FB8082C523947AF500BDB351 /* spiral_galaxy_4-wallpaper-2880x1800.jpg */,
			);
			path = images;
			sourceTree = "<group>";
		};
/* End PBXGroup section */

/* Begin PBXNativeTarget section */
		FB861A0623906C6D00B52CB4 /* SBiOS_m8_dz */ = {
			isa = PBXNativeTarget;
			buildConfigurationList = FB861A1B23906C7F00B52CB4 /* Build configuration list for PBXNativeTarget "SBiOS_m8_dz" */;
			buildPhases = (
				FB861A0323906C6D00B52CB4 /* Sources */,
				FB861A0423906C6D00B52CB4 /* Frameworks */,
				FB861A0523906C6D00B52CB4 /* Resources */,
			);
			buildRules = (
			);
			dependencies = (
			);
			name = SBiOS_m8_dz;
			productName = SBiOS_m8_dz;
			productReference = FB861A0723906C6D00B52CB4 /* SBiOS_m8_dz.app */;
			productType = "com.apple.product-type.application";
		};
/* End PBXNativeTarget section */

/* Begin PBXProject section */
		FB8619FF23906C6C00B52CB4 /* Project object */ = {
			isa = PBXProject;
			attributes = {
				LastSwiftUpdateCheck = 1120;
				LastUpgradeCheck = 1120;
				ORGANIZATIONNAME = watchingcarsgoby;
				TargetAttributes = {
					FB861A0623906C6D00B52CB4 = {
						CreatedOnToolsVersion = 11.2.1;
					};
				};
			};
			buildConfigurationList = FB861A0223906C6C00B52CB4 /* Build configuration list for PBXProject "SBiOS_m8_dz" */;
			compatibilityVersion = "Xcode 9.3";
			developmentRegion = en;
			hasScannedForEncodings = 0;
			knownRegions = (
				en,
				Base,
			);
			mainGroup = FB8619FE23906C6C00B52CB4;
			productRefGroup = FB861A0823906C6D00B52CB4 /* Products */;
			projectDirPath = "";
			projectRoot = "";
			targets = (
				FB861A0623906C6D00B52CB4 /* SBiOS_m8_dz */,
			);
		};
/* End PBXProject section */

/* Begin PBXResourcesBuildPhase section */
		FB861A0523906C6D00B52CB4 /* Resources */ = {
			isa = PBXResourcesBuildPhase;
			buildActionMask = 2147483647;
			files = (
				FB861A4023906F5D00B52CB4 /* 19984512_112240686076423_2296686731644108800_n.jpg in Resources */,
				FB861A3E23906F5D00B52CB4 /* 18013966_1880709232217036_4408452903329595392_n.jpg in Resources */,
				FB8082C623947AF500BDB351 /* spiral_galaxy_4-wallpaper-2880x1800.jpg in Resources */,
				FB861A1723906C7F00B52CB4 /* LaunchScreen.storyboard in Resources */,
				FB861A3C23906F5D00B52CB4 /* 13597685_1224449080939233_1667780838_n.jpg in Resources */,
				FB861A4423906F5D00B52CB4 /* galaxy_explosion-wallpaper-1920x1080.jpg in Resources */,
				FB861A4123906F5D00B52CB4 /* galaxy_4-wallpaper-1920x1080.jpg in Resources */,
				FB861A1423906C7F00B52CB4 /* Assets.xcassets in Resources */,
				FB861A4323906F5D00B52CB4 /* 35506987_268988417178706_474661742396309504_n.jpg in Resources */,
				FB861A1223906C6D00B52CB4 /* Main.storyboard in Resources */,
				FB861A4223906F5D00B52CB4 /* 24125526_322142304859750_2525012334175322112_n.jpg in Resources */,
				FB861A3F23906F5D00B52CB4 /* big_bang-wallpaper-1920x1080.jpg in Resources */,
				FB861A3D23906F5D00B52CB4 /* milky_way_galaxy_2-wallpaper-2560x1440.jpg in Resources */,
			);
			runOnlyForDeploymentPostprocessing = 0;
		};
/* End PBXResourcesBuildPhase section */

/* Begin PBXSourcesBuildPhase section */
		FB861A0323906C6D00B52CB4 /* Sources */ = {
			isa = PBXSourcesBuildPhase;
			buildActionMask = 2147483647;
			files = (
				FB64AB4E2395744E00F0C7E7 /* UIGridViewController.swift in Sources */,
				FB861A0F23906C6D00B52CB4 /* ViewController.swift in Sources */,
				3F5CE0CA23A4406900A3DC79 /* SegmentedViewController.swift in Sources */,
				FB861A0B23906C6D00B52CB4 /* AppDelegate.swift in Sources */,
				FB861A0D23906C6D00B52CB4 /* SceneDelegate.swift in Sources */,
			);
			runOnlyForDeploymentPostprocessing = 0;
		};
/* End PBXSourcesBuildPhase section */

/* Begin PBXVariantGroup section */
		FB861A1023906C6D00B52CB4 /* Main.storyboard */ = {
			isa = PBXVariantGroup;
			children = (
				FB861A1123906C6D00B52CB4 /* Base */,
			);
			name = Main.storyboard;
			sourceTree = "<group>";
		};
		FB861A1523906C7F00B52CB4 /* LaunchScreen.storyboard */ = {
			isa = PBXVariantGroup;
			children = (
				FB861A1623906C7F00B52CB4 /* Base */,
			);
			name = LaunchScreen.storyboard;
			sourceTree = "<group>";
		};
/* End PBXVariantGroup section */

/* Begin XCBuildConfiguration section */
		FB861A1923906C7F00B52CB4 /* Debug */ = {
			isa = XCBuildConfiguration;
			buildSettings = {
				ALWAYS_SEARCH_USER_PATHS = NO;
				CLANG_ANALYZER_NONNULL = YES;
				CLANG_ANALYZER_NUMBER_OBJECT_CONVERSION = YES_AGGRESSIVE;
				CLANG_CXX_LANGUAGE_STANDARD = "gnu++14";
				CLANG_CXX_LIBRARY = "libc++";
				CLANG_ENABLE_MODULES = YES;
				CLANG_ENABLE_OBJC_ARC = YES;
				CLANG_ENABLE_OBJC_WEAK = YES;
				CLANG_WARN_BLOCK_CAPTURE_AUTORELEASING = YES;
				CLANG_WARN_BOOL_CONVERSION = YES;
				CLANG_WARN_COMMA = YES;
				CLANG_WARN_CONSTANT_CONVERSION = YES;
				CLANG_WARN_DEPRECATED_OBJC_IMPLEMENTATIONS = YES;
				CLANG_WARN_DIRECT_OBJC_ISA_USAGE = YES_ERROR;
				CLANG_WARN_DOCUMENTATION_COMMENTS = YES;
				CLANG_WARN_EMPTY_BODY = YES;
				CLANG_WARN_ENUM_CONVERSION = YES;
				CLANG_WARN_INFINITE_RECURSION = YES;
				CLANG_WARN_INT_CONVERSION = YES;
				CLANG_WARN_NON_LITERAL_NULL_CONVERSION = YES;
				CLANG_WARN_OBJC_IMPLICIT_RETAIN_SELF = YES;
				CLANG_WARN_OBJC_LITERAL_CONVERSION = YES;
				CLANG_WARN_OBJC_ROOT_CLASS = YES_ERROR;
				CLANG_WARN_RANGE_LOOP_ANALYSIS = YES;
				CLANG_WARN_STRICT_PROTOTYPES = YES;
				CLANG_WARN_SUSPICIOUS_MOVE = YES;
				CLANG_WARN_UNGUARDED_AVAILABILITY = YES_AGGRESSIVE;
				CLANG_WARN_UNREACHABLE_CODE = YES;
				CLANG_WARN__DUPLICATE_METHOD_MATCH = YES;
				COPY_PHASE_STRIP = NO;
				DEBUG_INFORMATION_FORMAT = dwarf;
				ENABLE_STRICT_OBJC_MSGSEND = YES;
				ENABLE_TESTABILITY = YES;
				GCC_C_LANGUAGE_STANDARD = gnu11;
				GCC_DYNAMIC_NO_PIC = NO;
				GCC_NO_COMMON_BLOCKS = YES;
				GCC_OPTIMIZATION_LEVEL = 0;
				GCC_PREPROCESSOR_DEFINITIONS = (
					"DEBUG=1",
					"$(inherited)",
				);
				GCC_WARN_64_TO_32_BIT_CONVERSION = YES;
				GCC_WARN_ABOUT_RETURN_TYPE = YES_ERROR;
				GCC_WARN_UNDECLARED_SELECTOR = YES;
				GCC_WARN_UNINITIALIZED_AUTOS = YES_AGGRESSIVE;
				GCC_WARN_UNUSED_FUNCTION = YES;
				GCC_WARN_UNUSED_VARIABLE = YES;
				IPHONEOS_DEPLOYMENT_TARGET = 13.2;
				MTL_ENABLE_DEBUG_INFO = INCLUDE_SOURCE;
				MTL_FAST_MATH = YES;
				ONLY_ACTIVE_ARCH = YES;
				SDKROOT = iphoneos;
				SWIFT_ACTIVE_COMPILATION_CONDITIONS = DEBUG;
				SWIFT_OPTIMIZATION_LEVEL = "-Onone";
			};
			name = Debug;
		};
		FB861A1A23906C7F00B52CB4 /* Release */ = {
			isa = XCBuildConfiguration;
			buildSettings = {
				ALWAYS_SEARCH_USER_PATHS = NO;
				CLANG_ANALYZER_NONNULL = YES;
				CLANG_ANALYZER_NUMBER_OBJECT_CONVERSION = YES_AGGRESSIVE;
				CLANG_CXX_LANGUAGE_STANDARD = "gnu++14";
				CLANG_CXX_LIBRARY = "libc++";
				CLANG_ENABLE_MODULES = YES;
				CLANG_ENABLE_OBJC_ARC = YES;
				CLANG_ENABLE_OBJC_WEAK = YES;
				CLANG_WARN_BLOCK_CAPTURE_AUTORELEASING = YES;
				CLANG_WARN_BOOL_CONVERSION = YES;
				CLANG_WARN_COMMA = YES;
				CLANG_WARN_CONSTANT_CONVERSION = YES;
				CLANG_WARN_DEPRECATED_OBJC_IMPLEMENTATIONS = YES;
				CLANG_WARN_DIRECT_OBJC_ISA_USAGE = YES_ERROR;
				CLANG_WARN_DOCUMENTATION_COMMENTS = YES;
				CLANG_WARN_EMPTY_BODY = YES;
				CLANG_WARN_ENUM_CONVERSION = YES;
				CLANG_WARN_INFINITE_RECURSION = YES;
				CLANG_WARN_INT_CONVERSION = YES;
				CLANG_WARN_NON_LITERAL_NULL_CONVERSION = YES;
				CLANG_WARN_OBJC_IMPLICIT_RETAIN_SELF = YES;
				CLANG_WARN_OBJC_LITERAL_CONVERSION = YES;
				CLANG_WARN_OBJC_ROOT_CLASS = YES_ERROR;
				CLANG_WARN_RANGE_LOOP_ANALYSIS = YES;
				CLANG_WARN_STRICT_PROTOTYPES = YES;
				CLANG_WARN_SUSPICIOUS_MOVE = YES;
				CLANG_WARN_UNGUARDED_AVAILABILITY = YES_AGGRESSIVE;
				CLANG_WARN_UNREACHABLE_CODE = YES;
				CLANG_WARN__DUPLICATE_METHOD_MATCH = YES;
				COPY_PHASE_STRIP = NO;
				DEBUG_INFORMATION_FORMAT = "dwarf-with-dsym";
				ENABLE_NS_ASSERTIONS = NO;
				ENABLE_STRICT_OBJC_MSGSEND = YES;
				GCC_C_LANGUAGE_STANDARD = gnu11;
				GCC_NO_COMMON_BLOCKS = YES;
				GCC_WARN_64_TO_32_BIT_CONVERSION = YES;
				GCC_WARN_ABOUT_RETURN_TYPE = YES_ERROR;
				GCC_WARN_UNDECLARED_SELECTOR = YES;
				GCC_WARN_UNINITIALIZED_AUTOS = YES_AGGRESSIVE;
				GCC_WARN_UNUSED_FUNCTION = YES;
				GCC_WARN_UNUSED_VARIABLE = YES;
				IPHONEOS_DEPLOYMENT_TARGET = 13.2;
				MTL_ENABLE_DEBUG_INFO = NO;
				MTL_FAST_MATH = YES;
				SDKROOT = iphoneos;
				SWIFT_COMPILATION_MODE = wholemodule;
				SWIFT_OPTIMIZATION_LEVEL = "-O";
				VALIDATE_PRODUCT = YES;
			};
			name = Release;
		};
		FB861A1C23906C7F00B52CB4 /* Debug */ = {
			isa = XCBuildConfiguration;
			buildSettings = {
				ASSETCATALOG_COMPILER_APPICON_NAME = AppIcon;
				CODE_SIGN_STYLE = Automatic;
				DEVELOPMENT_TEAM = FH9R39U9P3;
				INFOPLIST_FILE = SBiOS_m8_dz/Info.plist;
				LD_RUNPATH_SEARCH_PATHS = (
					"$(inherited)",
					"@executable_path/Frameworks",
				);
				PRODUCT_BUNDLE_IDENTIFIER = "wcgb.SBiOS-m8-dz";
				PRODUCT_NAME = "$(TARGET_NAME)";
				SWIFT_VERSION = 5.0;
				TARGETED_DEVICE_FAMILY = "1,2";
			};
			name = Debug;
		};
		FB861A1D23906C7F00B52CB4 /* Release */ = {
			isa = XCBuildConfiguration;
			buildSettings = {
				ASSETCATALOG_COMPILER_APPICON_NAME = AppIcon;
				CODE_SIGN_STYLE = Automatic;
				DEVELOPMENT_TEAM = FH9R39U9P3;
				INFOPLIST_FILE = SBiOS_m8_dz/Info.plist;
				LD_RUNPATH_SEARCH_PATHS = (
					"$(inherited)",
					"@executable_path/Frameworks",
				);
				PRODUCT_BUNDLE_IDENTIFIER = "wcgb.SBiOS-m8-dz";
				PRODUCT_NAME = "$(TARGET_NAME)";
				SWIFT_VERSION = 5.0;
				TARGETED_DEVICE_FAMILY = "1,2";
			};
			name = Release;
		};
/* End XCBuildConfiguration section */

/* Begin XCConfigurationList section */
		FB861A0223906C6C00B52CB4 /* Build configuration list for PBXProject "SBiOS_m8_dz" */ = {
			isa = XCConfigurationList;
			buildConfigurations = (
				FB861A1923906C7F00B52CB4 /* Debug */,
				FB861A1A23906C7F00B52CB4 /* Release */,
			);
			defaultConfigurationIsVisible = 0;
			defaultConfigurationName = Release;
		};
		FB861A1B23906C7F00B52CB4 /* Build configuration list for PBXNativeTarget "SBiOS_m8_dz" */ = {
			isa = XCConfigurationList;
			buildConfigurations = (
				FB861A1C23906C7F00B52CB4 /* Debug */,
				FB861A1D23906C7F00B52CB4 /* Release */,
			);
			defaultConfigurationIsVisible = 0;
			defaultConfigurationName = Release;
		};
/* End XCConfigurationList section */
	};
	rootObject = FB8619FF23906C6C00B52CB4 /* Project object */;
}
